// !$*UTF8*$!
{
	archiveVersion = 1;
	classes = {
	};
	objectVersion = 46;
	objects = {

/* Begin PBXBuildFile section */
		8E254A83185BBB090068A3F9 /* GLUIButton.m in Sources */ = {isa = PBXBuildFile; fileRef = 8E254A82185BBB090068A3F9 /* GLUIButton.m */; };
		8E254A86185BBD600068A3F9 /* GLSliderControl.m in Sources */ = {isa = PBXBuildFile; fileRef = 8E254A85185BBD600068A3F9 /* GLSliderControl.m */; };
		8E254A89185C3F980068A3F9 /* slider-end@2x.png in Resources */ = {isa = PBXBuildFile; fileRef = 8E254A87185C3F980068A3F9 /* slider-end@2x.png */; };
		8E254A8A185C3F980068A3F9 /* slider-middle@2x.png in Resources */ = {isa = PBXBuildFile; fileRef = 8E254A88185C3F980068A3F9 /* slider-middle@2x.png */; };
		8E2FA28A186567B50021A471 /* GLUIActionButton.m in Sources */ = {isa = PBXBuildFile; fileRef = 8E2FA289186567B50021A471 /* GLUIActionButton.m */; };
		8E2FA28C186672E90021A471 /* tile.square.png in Resources */ = {isa = PBXBuildFile; fileRef = 8E2FA28B186672E90021A471 /* tile.square.png */; };
		8E2FA28E18667EA80021A471 /* eyedropper.png in Resources */ = {isa = PBXBuildFile; fileRef = 8E2FA28D18667EA80021A471 /* eyedropper.png */; };
		8E2FA2901866B3140021A471 /* palette.png in Resources */ = {isa = PBXBuildFile; fileRef = 8E2FA28F1866B3140021A471 /* palette.png */; };
		8E2FA2921866B4640021A471 /* splash2.png in Resources */ = {isa = PBXBuildFile; fileRef = 8E2FA2911866B4640021A471 /* splash2.png */; };
		8E2FA29418679CAE0021A471 /* splash2_48.png in Resources */ = {isa = PBXBuildFile; fileRef = 8E2FA29318679CAE0021A471 /* splash2_48.png */; };
		8E2FA2961867B23B0021A471 /* palette_48.png in Resources */ = {isa = PBXBuildFile; fileRef = 8E2FA2951867B23B0021A471 /* palette_48.png */; };
		8E2FA2991867BB080021A471 /* GLColorSelectionLayer.m in Sources */ = {isa = PBXBuildFile; fileRef = 8E2FA2981867BB080021A471 /* GLColorSelectionLayer.m */; };
		8E2FA29C1867BBED0021A471 /* GLMenuLayer.m in Sources */ = {isa = PBXBuildFile; fileRef = 8E2FA29B1867BBED0021A471 /* GLMenuLayer.m */; };
		8E2FA2A01867C7B70021A471 /* clear.1.wav in Resources */ = {isa = PBXBuildFile; fileRef = 8E2FA29D1867C7B70021A471 /* clear.1.wav */; };
		8E2FA2A11867C7B70021A471 /* reset.1.wav in Resources */ = {isa = PBXBuildFile; fileRef = 8E2FA29E1867C7B70021A471 /* reset.1.wav */; };
		8E2FA2A21867C7B70021A471 /* toggle.1.wav in Resources */ = {isa = PBXBuildFile; fileRef = 8E2FA29F1867C7B70021A471 /* toggle.1.wav */; };
		8E2FA2A518695C480021A471 /* Spark.sks in Resources */ = {isa = PBXBuildFile; fileRef = 8E2FA2A318695C480021A471 /* Spark.sks */; };
		8E2FA2A618695C480021A471 /* spark.png in Resources */ = {isa = PBXBuildFile; fileRef = 8E2FA2A418695C480021A471 /* spark.png */; };
		8E2FA2A91869DC750021A471 /* GLColorSwatch.m in Sources */ = {isa = PBXBuildFile; fileRef = 8E2FA2A81869DC750021A471 /* GLColorSwatch.m */; };
		8E2FA2AB1869DDD90021A471 /* color-swatch-ring-outer.png in Resources */ = {isa = PBXBuildFile; fileRef = 8E2FA2AA1869DDD90021A471 /* color-swatch-ring-outer.png */; };
		8E2FA2AE1869E3ED0021A471 /* GLColorGrid.m in Sources */ = {isa = PBXBuildFile; fileRef = 8E2FA2AD1869E3ED0021A471 /* GLColorGrid.m */; };
		8E2FA2B01869E4BA0021A471 /* color-swatch-fill.png in Resources */ = {isa = PBXBuildFile; fileRef = 8E2FA2AF1869E4BA0021A471 /* color-swatch-fill.png */; };
		8E3BAB0B1893507100A56812 /* stop2.png in Resources */ = {isa = PBXBuildFile; fileRef = 8E3BAB0A1893507100A56812 /* stop2.png */; };
		8E3BAB0D1893555E00A56812 /* question.png in Resources */ = {isa = PBXBuildFile; fileRef = 8E3BAB0C1893555E00A56812 /* question.png */; };
		8E3BAB10189386F500A56812 /* GLPageCollectionLayer.m in Sources */ = {isa = PBXBuildFile; fileRef = 8E3BAB0F189386F500A56812 /* GLPageCollectionLayer.m */; };
		8E3BAB13189389C300A56812 /* GLUITextButton.m in Sources */ = {isa = PBXBuildFile; fileRef = 8E3BAB12189389C300A56812 /* GLUITextButton.m */; };
		8E3BAB161893971F00A56812 /* GLPage.m in Sources */ = {isa = PBXBuildFile; fileRef = 8E3BAB151893971F00A56812 /* GLPage.m */; };
		8E5A5554187D005800483158 /* tile.leaf.png in Resources */ = {isa = PBXBuildFile; fileRef = 8E5A5553187D005800483158 /* tile.leaf.png */; };
		8E67648A1886544800084589 /* lock.png in Resources */ = {isa = PBXBuildFile; fileRef = 8E6764881886544800084589 /* lock.png */; };
		8E67648B1886544800084589 /* unlock.png in Resources */ = {isa = PBXBuildFile; fileRef = 8E6764891886544800084589 /* unlock.png */; };
		8E676491188654F700084589 /* GLLockControl.m in Sources */ = {isa = PBXBuildFile; fileRef = 8E676490188654F700084589 /* GLLockControl.m */; };
		8E75B02D184164F7000AEEB8 /* expand_left.png in Resources */ = {isa = PBXBuildFile; fileRef = 8E75B02B184164F7000AEEB8 /* expand_left.png */; };
		8E75B02E184164F7000AEEB8 /* expand_left@2x.png in Resources */ = {isa = PBXBuildFile; fileRef = 8E75B02C184164F7000AEEB8 /* expand_left@2x.png */; };
		8E75B031184169BF000AEEB8 /* GLColorHud.m in Sources */ = {isa = PBXBuildFile; fileRef = 8E75B030184169BF000AEEB8 /* GLColorHud.m */; };
		8E75B03418419630000AEEB8 /* splash.png in Resources */ = {isa = PBXBuildFile; fileRef = 8E75B03218419630000AEEB8 /* splash.png */; };
		8E75B03518419630000AEEB8 /* splash@2x.png in Resources */ = {isa = PBXBuildFile; fileRef = 8E75B03318419630000AEEB8 /* splash@2x.png */; };
		8E75B03818419670000AEEB8 /* ring.png in Resources */ = {isa = PBXBuildFile; fileRef = 8E75B03618419670000AEEB8 /* ring.png */; };
		8E75B03918419670000AEEB8 /* ring@2x.png in Resources */ = {isa = PBXBuildFile; fileRef = 8E75B03718419670000AEEB8 /* ring@2x.png */; };
		8E75B03C1841C909000AEEB8 /* drop.png in Resources */ = {isa = PBXBuildFile; fileRef = 8E75B03A1841C909000AEEB8 /* drop.png */; };
		8E75B03D1841C909000AEEB8 /* drop@2x.png in Resources */ = {isa = PBXBuildFile; fileRef = 8E75B03B1841C909000AEEB8 /* drop@2x.png */; };
		8E75B0401842FFE3000AEEB8 /* GLGeneralHud.m in Sources */ = {isa = PBXBuildFile; fileRef = 8E75B03F1842FFE3000AEEB8 /* GLGeneralHud.m */; };
		8E75B043184577E0000AEEB8 /* GLHud.m in Sources */ = {isa = PBXBuildFile; fileRef = 8E75B042184577E0000AEEB8 /* GLHud.m */; };
		8E75B04618466F7F000AEEB8 /* camera.png in Resources */ = {isa = PBXBuildFile; fileRef = 8E75B04418466F7F000AEEB8 /* camera.png */; };
		8E75B04718466F7F000AEEB8 /* camera@2x.png in Resources */ = {isa = PBXBuildFile; fileRef = 8E75B04518466F7F000AEEB8 /* camera@2x.png */; };
		8E75B04A1846CB23000AEEB8 /* restore.png in Resources */ = {isa = PBXBuildFile; fileRef = 8E75B0481846CB23000AEEB8 /* restore.png */; };
		8E75B04B1846CB23000AEEB8 /* restore@2x.png in Resources */ = {isa = PBXBuildFile; fileRef = 8E75B0491846CB23000AEEB8 /* restore@2x.png */; };
		8E75B04E18490C0A000AEEB8 /* GLGrid.m in Sources */ = {isa = PBXBuildFile; fileRef = 8E75B04D18490C0A000AEEB8 /* GLGrid.m */; };
		8E99B29F182BFE7600C7AEDB /* GLGridScene.m in Sources */ = {isa = PBXBuildFile; fileRef = 8E99B29E182BFE7600C7AEDB /* GLGridScene.m */; };
		8E99B2A2182C013D00C7AEDB /* GLTileNode.m in Sources */ = {isa = PBXBuildFile; fileRef = 8E99B2A1182C013D00C7AEDB /* GLTileNode.m */; };
		8E99B2A5182C14E300C7AEDB /* UIColor+Crayola.m in Sources */ = {isa = PBXBuildFile; fileRef = 8E99B2A4182C14E300C7AEDB /* UIColor+Crayola.m */; };
		8E99B2A9182E0ABD00C7AEDB /* gear.png in Resources */ = {isa = PBXBuildFile; fileRef = 8E99B2A7182E0ABD00C7AEDB /* gear.png */; };
		8E99B2AA182E0ABD00C7AEDB /* gear@2x.png in Resources */ = {isa = PBXBuildFile; fileRef = 8E99B2A8182E0ABD00C7AEDB /* gear@2x.png */; };
		8E99B2BE182F7A1200C7AEDB /* start.png in Resources */ = {isa = PBXBuildFile; fileRef = 8E99B2BA182F7A1200C7AEDB /* start.png */; };
		8E99B2BF182F7A1200C7AEDB /* start@2x.png in Resources */ = {isa = PBXBuildFile; fileRef = 8E99B2BB182F7A1200C7AEDB /* start@2x.png */; };
		8E9EDE48188F843B005C66BB /* Splash.sks in Resources */ = {isa = PBXBuildFile; fileRef = 8E9EDE47188F843B005C66BB /* Splash.sks */; };
		8E9EDE4B1890EB04005C66BB /* lock.wav in Resources */ = {isa = PBXBuildFile; fileRef = 8E9EDE491890EB04005C66BB /* lock.wav */; };
		8E9EDE4C1890EB04005C66BB /* unlock.wav in Resources */ = {isa = PBXBuildFile; fileRef = 8E9EDE4A1890EB04005C66BB /* unlock.wav */; };
		8E9F2AF2187F667A001669BC /* GLAlertLayer.m in Sources */ = {isa = PBXBuildFile; fileRef = 8E9F2AF1187F667A001669BC /* GLAlertLayer.m */; };
		8EA264F1184EEB1B00351F5E /* color.change.wav in Resources */ = {isa = PBXBuildFile; fileRef = 8EA264EE184EEB1B00351F5E /* color.change.wav */; };
		8EA264FA1850229100351F5E /* menu.close.wav in Resources */ = {isa = PBXBuildFile; fileRef = 8EA264F41850229100351F5E /* menu.close.wav */; };
		8EA264FB1850229100351F5E /* menu.open.wav in Resources */ = {isa = PBXBuildFile; fileRef = 8EA264F51850229100351F5E /* menu.open.wav */; };
		8EA264FC1850229100351F5E /* settings.collapse.wav in Resources */ = {isa = PBXBuildFile; fileRef = 8EA264F61850229100351F5E /* settings.collapse.wav */; };
		8EA264FD1850229100351F5E /* settings.expand.wav in Resources */ = {isa = PBXBuildFile; fileRef = 8EA264F71850229100351F5E /* settings.expand.wav */; };
		8EA264FE1850229100351F5E /* start.algorithm.wav in Resources */ = {isa = PBXBuildFile; fileRef = 8EA264F81850229100351F5E /* start.algorithm.wav */; };
		8EA264FF1850229100351F5E /* stop.algorithm.wav in Resources */ = {isa = PBXBuildFile; fileRef = 8EA264F91850229100351F5E /* stop.algorithm.wav */; };
		8EA265051858033A00351F5E /* flash.wav in Resources */ = {isa = PBXBuildFile; fileRef = 8EA265001858033A00351F5E /* flash.wav */; };
		8EA265071858033A00351F5E /* settings.collapse.2.wav in Resources */ = {isa = PBXBuildFile; fileRef = 8EA265021858033A00351F5E /* settings.collapse.2.wav */; };
		8EA265081858033A00351F5E /* settings.expand.2.wav in Resources */ = {isa = PBXBuildFile; fileRef = 8EA265031858033A00351F5E /* settings.expand.2.wav */; };
		8EA265091858033A00351F5E /* stop.algorithm.2.wav in Resources */ = {isa = PBXBuildFile; fileRef = 8EA265041858033A00351F5E /* stop.algorithm.2.wav */; };
		8EA2650B1858045800351F5E /* start.algorithm.2.wav in Resources */ = {isa = PBXBuildFile; fileRef = 8EA2650A1858045800351F5E /* start.algorithm.2.wav */; };
		8EA2651D185966A600351F5E /* arrow-right.png in Resources */ = {isa = PBXBuildFile; fileRef = 8EA2651B185966A600351F5E /* arrow-right.png */; };
		8EA2651E185966A600351F5E /* arrow-right@2x.png in Resources */ = {isa = PBXBuildFile; fileRef = 8EA2651C185966A600351F5E /* arrow-right@2x.png */; };
		8EA2652118596A7D00351F5E /* cancel-circle.png in Resources */ = {isa = PBXBuildFile; fileRef = 8EA2651F18596A7D00351F5E /* cancel-circle.png */; };
		8EA2652218596A7D00351F5E /* cancel-circle@2x.png in Resources */ = {isa = PBXBuildFile; fileRef = 8EA2652018596A7D00351F5E /* cancel-circle@2x.png */; };
		8EA2652518596BBF00351F5E /* undo2.png in Resources */ = {isa = PBXBuildFile; fileRef = 8EA2652318596BBF00351F5E /* undo2.png */; };
		8EA2652618596BBF00351F5E /* undo2@2x.png in Resources */ = {isa = PBXBuildFile; fileRef = 8EA2652418596BBF00351F5E /* undo2@2x.png */; };
		8EA2652918596C4E00351F5E /* play2.png in Resources */ = {isa = PBXBuildFile; fileRef = 8EA2652718596C4E00351F5E /* play2.png */; };
		8EA2652A18596C4E00351F5E /* play2@2x.png in Resources */ = {isa = PBXBuildFile; fileRef = 8EA2652818596C4E00351F5E /* play2@2x.png */; };
		8EA2652F18596F3E00351F5E /* cog.png in Resources */ = {isa = PBXBuildFile; fileRef = 8EA2652B18596F3E00351F5E /* cog.png */; };
		8EA2653018596F3E00351F5E /* cog@2x.png in Resources */ = {isa = PBXBuildFile; fileRef = 8EA2652C18596F3E00351F5E /* cog@2x.png */; };
		8EA2653118596F3E00351F5E /* pause.png in Resources */ = {isa = PBXBuildFile; fileRef = 8EA2652D18596F3E00351F5E /* pause.png */; };
		8EA2653218596F3E00351F5E /* pause@2x.png in Resources */ = {isa = PBXBuildFile; fileRef = 8EA2652E18596F3E00351F5E /* pause@2x.png */; };
		8EA2653518596FC800351F5E /* camera2.png in Resources */ = {isa = PBXBuildFile; fileRef = 8EA2653318596FC800351F5E /* camera2.png */; };
		8EA2653618596FC800351F5E /* camera2@2x.png in Resources */ = {isa = PBXBuildFile; fileRef = 8EA2653418596FC800351F5E /* camera2@2x.png */; };
		8EA265391859723500351F5E /* droplet.png in Resources */ = {isa = PBXBuildFile; fileRef = 8EA265371859723500351F5E /* droplet.png */; };
		8EA2653A1859723500351F5E /* droplet@2x.png in Resources */ = {isa = PBXBuildFile; fileRef = 8EA265381859723500351F5E /* droplet@2x.png */; };
		8EA2653D1859841F00351F5E /* close.png in Resources */ = {isa = PBXBuildFile; fileRef = 8EA2653B1859841F00351F5E /* close.png */; };
		8EA2653E1859841F00351F5E /* close@2x.png in Resources */ = {isa = PBXBuildFile; fileRef = 8EA2653C1859841F00351F5E /* close@2x.png */; };
		8EA26544185990EA00351F5E /* radio-unchecked@2x.png in Resources */ = {isa = PBXBuildFile; fileRef = 8EA26543185990EA00351F5E /* radio-unchecked@2x.png */; };
		8EA265461859927100351F5E /* toggle-ring-outer@2x.png in Resources */ = {isa = PBXBuildFile; fileRef = 8EA265451859927100351F5E /* toggle-ring-outer@2x.png */; };
		8EAA38AE185D918F00DA5CED /* slider-end-left.png in Resources */ = {isa = PBXBuildFile; fileRef = 8EAA38AD185D918F00DA5CED /* slider-end-left.png */; };
		8EAA38B0185D91EB00DA5CED /* slider-end-right.png in Resources */ = {isa = PBXBuildFile; fileRef = 8EAA38AF185D91EB00DA5CED /* slider-end-right.png */; };
		8EAA38B3185E6A6C00DA5CED /* GLSettingsItem.m in Sources */ = {isa = PBXBuildFile; fileRef = 8EAA38B2185E6A6C00DA5CED /* GLSettingsItem.m */; };
		8EAA38B5185EC32300DA5CED /* radio-unchecked-glow.png in Resources */ = {isa = PBXBuildFile; fileRef = 8EAA38B4185EC32300DA5CED /* radio-unchecked-glow.png */; };
		8EAA38B818601D3A00DA5CED /* slider.off.wav in Resources */ = {isa = PBXBuildFile; fileRef = 8EAA38B618601D3A00DA5CED /* slider.off.wav */; };
		8EAA38B918601D3A00DA5CED /* slider.on.wav in Resources */ = {isa = PBXBuildFile; fileRef = 8EAA38B718601D3A00DA5CED /* slider.on.wav */; };
		8EAA59BF184B03C7008E34D9 /* down.finger.on.tile.wav in Resources */ = {isa = PBXBuildFile; fileRef = 8EAA59BC184B03C7008E34D9 /* down.finger.on.tile.wav */; };
		8EAA59C1184B03C7008E34D9 /* up.finger.off.tile.wav in Resources */ = {isa = PBXBuildFile; fileRef = 8EAA59BE184B03C7008E34D9 /* up.finger.off.tile.wav */; };
		8EAA59C6184B1E99008E34D9 /* GLSettingsLayer.m in Sources */ = {isa = PBXBuildFile; fileRef = 8EAA59C5184B1E99008E34D9 /* GLSettingsLayer.m */; };
		8EAA5A10184B29EC008E34D9 /* button.press.wav in Resources */ = {isa = PBXBuildFile; fileRef = 8EAA5A0F184B29EC008E34D9 /* button.press.wav */; };
		8EAA5A12184C22BE008E34D9 /* tile.circle.png in Resources */ = {isa = PBXBuildFile; fileRef = 8EAA5A11184C22BE008E34D9 /* tile.circle.png */; };
		8EAD55B91880B40100398596 /* NSString+Additions.m in Sources */ = {isa = PBXBuildFile; fileRef = 8EAD55B81880B40100398596 /* NSString+Additions.m */; };
		8EB738CB18709E5300BB58C0 /* UIColor+CrossFade.m in Sources */ = {isa = PBXBuildFile; fileRef = 8EB738CA18709E5300BB58C0 /* UIColor+CrossFade.m */; };
		8EB738CE1874B56600BB58C0 /* GLColorPaletteManager.m in Sources */ = {isa = PBXBuildFile; fileRef = 8EB738CD1874B56600BB58C0 /* GLColorPaletteManager.m */; };
		8ECA8984182371AE009D906F /* Foundation.framework in Frameworks */ = {isa = PBXBuildFile; fileRef = 8ECA8983182371AE009D906F /* Foundation.framework */; };
		8ECA8986182371AE009D906F /* CoreGraphics.framework in Frameworks */ = {isa = PBXBuildFile; fileRef = 8ECA8985182371AE009D906F /* CoreGraphics.framework */; };
		8ECA8988182371AE009D906F /* UIKit.framework in Frameworks */ = {isa = PBXBuildFile; fileRef = 8ECA8987182371AE009D906F /* UIKit.framework */; };
		8ECA898A182371AE009D906F /* SpriteKit.framework in Frameworks */ = {isa = PBXBuildFile; fileRef = 8ECA8989182371AE009D906F /* SpriteKit.framework */; };
		8ECA8990182371AE009D906F /* InfoPlist.strings in Resources */ = {isa = PBXBuildFile; fileRef = 8ECA898E182371AE009D906F /* InfoPlist.strings */; };
		8ECA8992182371AE009D906F /* main.m in Sources */ = {isa = PBXBuildFile; fileRef = 8ECA8991182371AE009D906F /* main.m */; };
		8ECA8996182371AE009D906F /* GLAppDelegate.m in Sources */ = {isa = PBXBuildFile; fileRef = 8ECA8995182371AE009D906F /* GLAppDelegate.m */; };
		8ECA8999182371AE009D906F /* Main.storyboard in Resources */ = {isa = PBXBuildFile; fileRef = 8ECA8997182371AE009D906F /* Main.storyboard */; };
		8ECA899C182371AE009D906F /* GLViewController.m in Sources */ = {isa = PBXBuildFile; fileRef = 8ECA899B182371AE009D906F /* GLViewController.m */; };
		8ECA89A3182371AE009D906F /* Images.xcassets in Resources */ = {isa = PBXBuildFile; fileRef = 8ECA89A2182371AE009D906F /* Images.xcassets */; };
		8ECA89AA182371AE009D906F /* XCTest.framework in Frameworks */ = {isa = PBXBuildFile; fileRef = 8ECA89A9182371AE009D906F /* XCTest.framework */; };
		8ECA89AB182371AE009D906F /* Foundation.framework in Frameworks */ = {isa = PBXBuildFile; fileRef = 8ECA8983182371AE009D906F /* Foundation.framework */; };
		8ECA89AC182371AE009D906F /* UIKit.framework in Frameworks */ = {isa = PBXBuildFile; fileRef = 8ECA8987182371AE009D906F /* UIKit.framework */; };
		8ECA89B4182371AE009D906F /* InfoPlist.strings in Resources */ = {isa = PBXBuildFile; fileRef = 8ECA89B2182371AE009D906F /* InfoPlist.strings */; };
		8ECA89B6182371AE009D906F /* GameOfLifeTests.m in Sources */ = {isa = PBXBuildFile; fileRef = 8ECA89B5182371AE009D906F /* GameOfLifeTests.m */; };
		8ED7BE671887A19F00CA1CDD /* color.grid.down.wav in Resources */ = {isa = PBXBuildFile; fileRef = 8ED7BE641887A19F00CA1CDD /* color.grid.down.wav */; };
		8ED7BE681887A19F00CA1CDD /* color.grid.single.wav in Resources */ = {isa = PBXBuildFile; fileRef = 8ED7BE651887A19F00CA1CDD /* color.grid.single.wav */; };
		8ED7BE691887A19F00CA1CDD /* color.grid.up.wav in Resources */ = {isa = PBXBuildFile; fileRef = 8ED7BE661887A19F00CA1CDD /* color.grid.up.wav */; };
		8EF02CB51877DFF800E15705 /* AssetsLibrary.framework in Frameworks */ = {isa = PBXBuildFile; fileRef = 8EF02CB41877DFF800E15705 /* AssetsLibrary.framework */; };
		ED292D1A185C90650031696D /* tile.frowny.png in Resources */ = {isa = PBXBuildFile; fileRef = ED292D18185C90650031696D /* tile.frowny.png */; };
		ED292D1B185C90650031696D /* tile.smiley.png in Resources */ = {isa = PBXBuildFile; fileRef = ED292D19185C90650031696D /* tile.smiley.png */; };
		ED2CB965185C01BE00319DE5 /* tile.ring.png in Resources */ = {isa = PBXBuildFile; fileRef = ED2CB964185C01BE00319DE5 /* tile.ring.png */; };
		ED2CB967185C090100319DE5 /* tile.cylinder.png in Resources */ = {isa = PBXBuildFile; fileRef = ED2CB966185C090100319DE5 /* tile.cylinder.png */; };
		ED2CB96D185C105200319DE5 /* tile.spiral.png in Resources */ = {isa = PBXBuildFile; fileRef = ED2CB96B185C105200319DE5 /* tile.spiral.png */; };
		ED2CB971185C157500319DE5 /* tile.ring3d.png in Resources */ = {isa = PBXBuildFile; fileRef = ED2CB970185C157500319DE5 /* tile.ring3d.png */; };
		ED4C6209187B615E0001E7DC /* GLPickerControl.m in Sources */ = {isa = PBXBuildFile; fileRef = ED4C6208187B615E0001E7DC /* GLPickerControl.m */; };
		ED566DE5187F9A3700B28BBE /* tile.square3d.png in Resources */ = {isa = PBXBuildFile; fileRef = ED566DE4187F9A3700B28BBE /* tile.square3d.png */; };
		ED566DE7187FA1A300B28BBE /* tile.buldge.png in Resources */ = {isa = PBXBuildFile; fileRef = ED566DE6187FA1A300B28BBE /* tile.buldge.png */; };
		ED581D9C186276880016F98D /* GLHUDSettingsManager.m in Sources */ = {isa = PBXBuildFile; fileRef = ED581D9B186276880016F98D /* GLHUDSettingsManager.m */; };
		ED820542187E471300BF7CD6 /* GLColorDropButton.m in Sources */ = {isa = PBXBuildFile; fileRef = ED820541187E471300BF7CD6 /* GLColorDropButton.m */; };
		ED8EA7AC1873BDAA0073132A /* tile.snowflake.png in Resources */ = {isa = PBXBuildFile; fileRef = ED8EA7AB1873BDAA0073132A /* tile.snowflake.png */; };
		ED8EA7AE1873C3470073132A /* tile.clear.png in Resources */ = {isa = PBXBuildFile; fileRef = ED8EA7AD1873C3470073132A /* tile.clear.png */; };
		ED9D62681882531000B243D3 /* GLLabelControl.m in Sources */ = {isa = PBXBuildFile; fileRef = ED9D62671882531000B243D3 /* GLLabelControl.m */; };
		EDB8C3A7187BF4310047AE52 /* GLToggleControl.m in Sources */ = {isa = PBXBuildFile; fileRef = EDB8C3A6187BF4310047AE52 /* GLToggleControl.m */; };
		EDC31A46188F77F2008E229D /* MobileCoreServices.framework in Frameworks */ = {isa = PBXBuildFile; fileRef = EDC31A45188F77F2008E229D /* MobileCoreServices.framework */; };
		EDE4505C1833F3380063DE36 /* clear.png in Resources */ = {isa = PBXBuildFile; fileRef = EDE4505A1833F3380063DE36 /* clear.png */; };
		EDE4505D1833F3380063DE36 /* clear@2x.png in Resources */ = {isa = PBXBuildFile; fileRef = EDE4505B1833F3380063DE36 /* clear@2x.png */; };
/* End PBXBuildFile section */

/* Begin PBXContainerItemProxy section */
		8ECA89AD182371AE009D906F /* PBXContainerItemProxy */ = {
			isa = PBXContainerItemProxy;
			containerPortal = 8ECA8978182371AE009D906F /* Project object */;
			proxyType = 1;
			remoteGlobalIDString = 8ECA897F182371AE009D906F;
			remoteInfo = GameOfLife;
		};
/* End PBXContainerItemProxy section */

/* Begin PBXFileReference section */
		8E254A81185BBB090068A3F9 /* GLUIButton.h */ = {isa = PBXFileReference; fileEncoding = 4; lastKnownFileType = sourcecode.c.h; path = GLUIButton.h; sourceTree = "<group>"; };
		8E254A82185BBB090068A3F9 /* GLUIButton.m */ = {isa = PBXFileReference; fileEncoding = 4; lastKnownFileType = sourcecode.c.objc; path = GLUIButton.m; sourceTree = "<group>"; };
		8E254A84185BBD600068A3F9 /* GLSliderControl.h */ = {isa = PBXFileReference; fileEncoding = 4; lastKnownFileType = sourcecode.c.h; path = GLSliderControl.h; sourceTree = "<group>"; };
		8E254A85185BBD600068A3F9 /* GLSliderControl.m */ = {isa = PBXFileReference; fileEncoding = 4; lastKnownFileType = sourcecode.c.objc; path = GLSliderControl.m; sourceTree = "<group>"; };
		8E254A87185C3F980068A3F9 /* slider-end@2x.png */ = {isa = PBXFileReference; lastKnownFileType = image.png; name = "slider-end@2x.png"; path = "Images/slider-end@2x.png"; sourceTree = SOURCE_ROOT; };
		8E254A88185C3F980068A3F9 /* slider-middle@2x.png */ = {isa = PBXFileReference; lastKnownFileType = image.png; name = "slider-middle@2x.png"; path = "Images/slider-middle@2x.png"; sourceTree = SOURCE_ROOT; };
		8E2FA288186567B50021A471 /* GLUIActionButton.h */ = {isa = PBXFileReference; fileEncoding = 4; lastKnownFileType = sourcecode.c.h; path = GLUIActionButton.h; sourceTree = "<group>"; };
		8E2FA289186567B50021A471 /* GLUIActionButton.m */ = {isa = PBXFileReference; fileEncoding = 4; lastKnownFileType = sourcecode.c.objc; path = GLUIActionButton.m; sourceTree = "<group>"; };
		8E2FA28B186672E90021A471 /* tile.square.png */ = {isa = PBXFileReference; lastKnownFileType = image.png; name = tile.square.png; path = Images/tile.square.png; sourceTree = SOURCE_ROOT; };
		8E2FA28D18667EA80021A471 /* eyedropper.png */ = {isa = PBXFileReference; lastKnownFileType = image.png; name = eyedropper.png; path = Images/eyedropper.png; sourceTree = SOURCE_ROOT; };
		8E2FA28F1866B3140021A471 /* palette.png */ = {isa = PBXFileReference; lastKnownFileType = image.png; name = palette.png; path = Images/palette.png; sourceTree = SOURCE_ROOT; };
		8E2FA2911866B4640021A471 /* splash2.png */ = {isa = PBXFileReference; lastKnownFileType = image.png; name = splash2.png; path = Images/splash2.png; sourceTree = SOURCE_ROOT; };
		8E2FA29318679CAE0021A471 /* splash2_48.png */ = {isa = PBXFileReference; lastKnownFileType = image.png; name = splash2_48.png; path = Images/splash2_48.png; sourceTree = SOURCE_ROOT; };
		8E2FA2951867B23B0021A471 /* palette_48.png */ = {isa = PBXFileReference; lastKnownFileType = image.png; name = palette_48.png; path = Images/palette_48.png; sourceTree = SOURCE_ROOT; };
		8E2FA2971867BB080021A471 /* GLColorSelectionLayer.h */ = {isa = PBXFileReference; fileEncoding = 4; lastKnownFileType = sourcecode.c.h; path = GLColorSelectionLayer.h; sourceTree = "<group>"; };
		8E2FA2981867BB080021A471 /* GLColorSelectionLayer.m */ = {isa = PBXFileReference; fileEncoding = 4; lastKnownFileType = sourcecode.c.objc; path = GLColorSelectionLayer.m; sourceTree = "<group>"; };
		8E2FA29A1867BBED0021A471 /* GLMenuLayer.h */ = {isa = PBXFileReference; fileEncoding = 4; lastKnownFileType = sourcecode.c.h; path = GLMenuLayer.h; sourceTree = "<group>"; };
		8E2FA29B1867BBED0021A471 /* GLMenuLayer.m */ = {isa = PBXFileReference; fileEncoding = 4; lastKnownFileType = sourcecode.c.objc; path = GLMenuLayer.m; sourceTree = "<group>"; };
		8E2FA29D1867C7B70021A471 /* clear.1.wav */ = {isa = PBXFileReference; lastKnownFileType = audio.wav; name = clear.1.wav; path = "GL Sound FX/clear.1.wav"; sourceTree = SOURCE_ROOT; };
		8E2FA29E1867C7B70021A471 /* reset.1.wav */ = {isa = PBXFileReference; lastKnownFileType = audio.wav; name = reset.1.wav; path = "GL Sound FX/reset.1.wav"; sourceTree = SOURCE_ROOT; };
		8E2FA29F1867C7B70021A471 /* toggle.1.wav */ = {isa = PBXFileReference; lastKnownFileType = audio.wav; name = toggle.1.wav; path = "GL Sound FX/toggle.1.wav"; sourceTree = SOURCE_ROOT; };
		8E2FA2A318695C480021A471 /* Spark.sks */ = {isa = PBXFileReference; lastKnownFileType = file.sks; path = Spark.sks; sourceTree = "<group>"; };
		8E2FA2A418695C480021A471 /* spark.png */ = {isa = PBXFileReference; lastKnownFileType = image.png; path = spark.png; sourceTree = "<group>"; };
		8E2FA2A71869DC750021A471 /* GLColorSwatch.h */ = {isa = PBXFileReference; fileEncoding = 4; lastKnownFileType = sourcecode.c.h; path = GLColorSwatch.h; sourceTree = "<group>"; };
		8E2FA2A81869DC750021A471 /* GLColorSwatch.m */ = {isa = PBXFileReference; fileEncoding = 4; lastKnownFileType = sourcecode.c.objc; path = GLColorSwatch.m; sourceTree = "<group>"; };
		8E2FA2AA1869DDD90021A471 /* color-swatch-ring-outer.png */ = {isa = PBXFileReference; lastKnownFileType = image.png; name = "color-swatch-ring-outer.png"; path = "Images/color-swatch-ring-outer.png"; sourceTree = SOURCE_ROOT; };
		8E2FA2AC1869E3ED0021A471 /* GLColorGrid.h */ = {isa = PBXFileReference; fileEncoding = 4; lastKnownFileType = sourcecode.c.h; path = GLColorGrid.h; sourceTree = "<group>"; };
		8E2FA2AD1869E3ED0021A471 /* GLColorGrid.m */ = {isa = PBXFileReference; explicitFileType = sourcecode.cpp.objcpp; fileEncoding = 4; path = GLColorGrid.m; sourceTree = "<group>"; };
		8E2FA2AF1869E4BA0021A471 /* color-swatch-fill.png */ = {isa = PBXFileReference; lastKnownFileType = image.png; name = "color-swatch-fill.png"; path = "Images/color-swatch-fill.png"; sourceTree = SOURCE_ROOT; };
		8E3BAB0A1893507100A56812 /* stop2.png */ = {isa = PBXFileReference; lastKnownFileType = image.png; name = stop2.png; path = Images/stop2.png; sourceTree = SOURCE_ROOT; };
		8E3BAB0C1893555E00A56812 /* question.png */ = {isa = PBXFileReference; lastKnownFileType = image.png; name = question.png; path = Images/question.png; sourceTree = SOURCE_ROOT; };
		8E3BAB0E189386F500A56812 /* GLPageCollectionLayer.h */ = {isa = PBXFileReference; fileEncoding = 4; lastKnownFileType = sourcecode.c.h; path = GLPageCollectionLayer.h; sourceTree = "<group>"; };
		8E3BAB0F189386F500A56812 /* GLPageCollectionLayer.m */ = {isa = PBXFileReference; fileEncoding = 4; lastKnownFileType = sourcecode.c.objc; path = GLPageCollectionLayer.m; sourceTree = "<group>"; };
		8E3BAB11189389C300A56812 /* GLUITextButton.h */ = {isa = PBXFileReference; fileEncoding = 4; lastKnownFileType = sourcecode.c.h; path = GLUITextButton.h; sourceTree = "<group>"; };
		8E3BAB12189389C300A56812 /* GLUITextButton.m */ = {isa = PBXFileReference; fileEncoding = 4; lastKnownFileType = sourcecode.c.objc; path = GLUITextButton.m; sourceTree = "<group>"; };
		8E3BAB141893971F00A56812 /* GLPage.h */ = {isa = PBXFileReference; fileEncoding = 4; lastKnownFileType = sourcecode.c.h; path = GLPage.h; sourceTree = "<group>"; };
		8E3BAB151893971F00A56812 /* GLPage.m */ = {isa = PBXFileReference; fileEncoding = 4; lastKnownFileType = sourcecode.c.objc; path = GLPage.m; sourceTree = "<group>"; };
		8E5A5553187D005800483158 /* tile.leaf.png */ = {isa = PBXFileReference; lastKnownFileType = image.png; name = tile.leaf.png; path = Images/tile.leaf.png; sourceTree = SOURCE_ROOT; };
		8E6764881886544800084589 /* lock.png */ = {isa = PBXFileReference; lastKnownFileType = image.png; name = lock.png; path = Images/lock.png; sourceTree = SOURCE_ROOT; };
		8E6764891886544800084589 /* unlock.png */ = {isa = PBXFileReference; lastKnownFileType = image.png; name = unlock.png; path = Images/unlock.png; sourceTree = SOURCE_ROOT; };
		8E67648F188654F700084589 /* GLLockControl.h */ = {isa = PBXFileReference; fileEncoding = 4; lastKnownFileType = sourcecode.c.h; path = GLLockControl.h; sourceTree = "<group>"; };
		8E676490188654F700084589 /* GLLockControl.m */ = {isa = PBXFileReference; fileEncoding = 4; lastKnownFileType = sourcecode.c.objc; path = GLLockControl.m; sourceTree = "<group>"; };
		8E75B02B184164F7000AEEB8 /* expand_left.png */ = {isa = PBXFileReference; lastKnownFileType = image.png; name = expand_left.png; path = Images/expand_left.png; sourceTree = SOURCE_ROOT; };
		8E75B02C184164F7000AEEB8 /* expand_left@2x.png */ = {isa = PBXFileReference; lastKnownFileType = image.png; name = "expand_left@2x.png"; path = "Images/expand_left@2x.png"; sourceTree = SOURCE_ROOT; };
		8E75B02F184169BF000AEEB8 /* GLColorHud.h */ = {isa = PBXFileReference; fileEncoding = 4; lastKnownFileType = sourcecode.c.h; path = GLColorHud.h; sourceTree = "<group>"; };
		8E75B030184169BF000AEEB8 /* GLColorHud.m */ = {isa = PBXFileReference; explicitFileType = sourcecode.c.objc; fileEncoding = 4; path = GLColorHud.m; sourceTree = "<group>"; };
		8E75B03218419630000AEEB8 /* splash.png */ = {isa = PBXFileReference; lastKnownFileType = image.png; name = splash.png; path = Images/splash.png; sourceTree = SOURCE_ROOT; };
		8E75B03318419630000AEEB8 /* splash@2x.png */ = {isa = PBXFileReference; lastKnownFileType = image.png; name = "splash@2x.png"; path = "Images/splash@2x.png"; sourceTree = SOURCE_ROOT; };
		8E75B03618419670000AEEB8 /* ring.png */ = {isa = PBXFileReference; lastKnownFileType = image.png; name = ring.png; path = Images/ring.png; sourceTree = SOURCE_ROOT; };
		8E75B03718419670000AEEB8 /* ring@2x.png */ = {isa = PBXFileReference; lastKnownFileType = image.png; name = "ring@2x.png"; path = "Images/ring@2x.png"; sourceTree = SOURCE_ROOT; };
		8E75B03A1841C909000AEEB8 /* drop.png */ = {isa = PBXFileReference; lastKnownFileType = image.png; name = drop.png; path = Images/drop.png; sourceTree = SOURCE_ROOT; };
		8E75B03B1841C909000AEEB8 /* drop@2x.png */ = {isa = PBXFileReference; lastKnownFileType = image.png; name = "drop@2x.png"; path = "Images/drop@2x.png"; sourceTree = SOURCE_ROOT; };
		8E75B03E1842FFE3000AEEB8 /* GLGeneralHud.h */ = {isa = PBXFileReference; fileEncoding = 4; lastKnownFileType = sourcecode.c.h; path = GLGeneralHud.h; sourceTree = "<group>"; };
		8E75B03F1842FFE3000AEEB8 /* GLGeneralHud.m */ = {isa = PBXFileReference; fileEncoding = 4; lastKnownFileType = sourcecode.c.objc; path = GLGeneralHud.m; sourceTree = "<group>"; };
		8E75B041184577E0000AEEB8 /* GLHud.h */ = {isa = PBXFileReference; fileEncoding = 4; lastKnownFileType = sourcecode.c.h; path = GLHud.h; sourceTree = "<group>"; };
		8E75B042184577E0000AEEB8 /* GLHud.m */ = {isa = PBXFileReference; fileEncoding = 4; lastKnownFileType = sourcecode.c.objc; path = GLHud.m; sourceTree = "<group>"; };
		8E75B04418466F7F000AEEB8 /* camera.png */ = {isa = PBXFileReference; lastKnownFileType = image.png; name = camera.png; path = Images/camera.png; sourceTree = SOURCE_ROOT; };
		8E75B04518466F7F000AEEB8 /* camera@2x.png */ = {isa = PBXFileReference; lastKnownFileType = image.png; name = "camera@2x.png"; path = "Images/camera@2x.png"; sourceTree = SOURCE_ROOT; };
		8E75B0481846CB23000AEEB8 /* restore.png */ = {isa = PBXFileReference; lastKnownFileType = image.png; name = restore.png; path = Images/restore.png; sourceTree = SOURCE_ROOT; };
		8E75B0491846CB23000AEEB8 /* restore@2x.png */ = {isa = PBXFileReference; lastKnownFileType = image.png; name = "restore@2x.png"; path = "Images/restore@2x.png"; sourceTree = SOURCE_ROOT; };
		8E75B04C18490C0A000AEEB8 /* GLGrid.h */ = {isa = PBXFileReference; fileEncoding = 4; lastKnownFileType = sourcecode.c.h; path = GLGrid.h; sourceTree = "<group>"; };
		8E75B04D18490C0A000AEEB8 /* GLGrid.m */ = {isa = PBXFileReference; explicitFileType = sourcecode.cpp.objcpp; fileEncoding = 4; path = GLGrid.m; sourceTree = "<group>"; };
		8E99B29D182BFE7600C7AEDB /* GLGridScene.h */ = {isa = PBXFileReference; fileEncoding = 4; lastKnownFileType = sourcecode.c.h; path = GLGridScene.h; sourceTree = "<group>"; };
		8E99B29E182BFE7600C7AEDB /* GLGridScene.m */ = {isa = PBXFileReference; explicitFileType = sourcecode.cpp.objcpp; fileEncoding = 4; path = GLGridScene.m; sourceTree = "<group>"; };
		8E99B2A0182C013D00C7AEDB /* GLTileNode.h */ = {isa = PBXFileReference; fileEncoding = 4; lastKnownFileType = sourcecode.c.h; path = GLTileNode.h; sourceTree = "<group>"; };
		8E99B2A1182C013D00C7AEDB /* GLTileNode.m */ = {isa = PBXFileReference; fileEncoding = 4; lastKnownFileType = sourcecode.c.objc; path = GLTileNode.m; sourceTree = "<group>"; };
		8E99B2A3182C14E300C7AEDB /* UIColor+Crayola.h */ = {isa = PBXFileReference; fileEncoding = 4; lastKnownFileType = sourcecode.c.h; path = "UIColor+Crayola.h"; sourceTree = "<group>"; };
		8E99B2A4182C14E300C7AEDB /* UIColor+Crayola.m */ = {isa = PBXFileReference; fileEncoding = 4; lastKnownFileType = sourcecode.c.objc; path = "UIColor+Crayola.m"; sourceTree = "<group>"; };
		8E99B2A7182E0ABD00C7AEDB /* gear.png */ = {isa = PBXFileReference; lastKnownFileType = image.png; name = gear.png; path = Images/gear.png; sourceTree = SOURCE_ROOT; };
		8E99B2A8182E0ABD00C7AEDB /* gear@2x.png */ = {isa = PBXFileReference; lastKnownFileType = image.png; name = "gear@2x.png"; path = "Images/gear@2x.png"; sourceTree = SOURCE_ROOT; };
		8E99B2BA182F7A1200C7AEDB /* start.png */ = {isa = PBXFileReference; lastKnownFileType = image.png; name = start.png; path = Images/start.png; sourceTree = SOURCE_ROOT; };
		8E99B2BB182F7A1200C7AEDB /* start@2x.png */ = {isa = PBXFileReference; lastKnownFileType = image.png; name = "start@2x.png"; path = "Images/start@2x.png"; sourceTree = SOURCE_ROOT; };
		8E9EDE47188F843B005C66BB /* Splash.sks */ = {isa = PBXFileReference; lastKnownFileType = file.sks; name = Splash.sks; path = GameOfLife/Splash.sks; sourceTree = "<group>"; };
		8E9EDE491890EB04005C66BB /* lock.wav */ = {isa = PBXFileReference; lastKnownFileType = audio.wav; name = lock.wav; path = "GL Sound FX/lock.wav"; sourceTree = SOURCE_ROOT; };
		8E9EDE4A1890EB04005C66BB /* unlock.wav */ = {isa = PBXFileReference; lastKnownFileType = audio.wav; name = unlock.wav; path = "GL Sound FX/unlock.wav"; sourceTree = SOURCE_ROOT; };
		8E9F2AF0187F667A001669BC /* GLAlertLayer.h */ = {isa = PBXFileReference; fileEncoding = 4; lastKnownFileType = sourcecode.c.h; path = GLAlertLayer.h; sourceTree = "<group>"; };
		8E9F2AF1187F667A001669BC /* GLAlertLayer.m */ = {isa = PBXFileReference; fileEncoding = 4; lastKnownFileType = sourcecode.c.objc; path = GLAlertLayer.m; sourceTree = "<group>"; };
		8EA264EE184EEB1B00351F5E /* color.change.wav */ = {isa = PBXFileReference; lastKnownFileType = audio.wav; name = color.change.wav; path = "GL Sound FX/color.change.wav"; sourceTree = SOURCE_ROOT; };
		8EA264F41850229100351F5E /* menu.close.wav */ = {isa = PBXFileReference; lastKnownFileType = audio.wav; name = menu.close.wav; path = "GL Sound FX/menu.close.wav"; sourceTree = SOURCE_ROOT; };
		8EA264F51850229100351F5E /* menu.open.wav */ = {isa = PBXFileReference; lastKnownFileType = audio.wav; name = menu.open.wav; path = "GL Sound FX/menu.open.wav"; sourceTree = SOURCE_ROOT; };
		8EA264F61850229100351F5E /* settings.collapse.wav */ = {isa = PBXFileReference; lastKnownFileType = audio.wav; name = settings.collapse.wav; path = "GL Sound FX/settings.collapse.wav"; sourceTree = SOURCE_ROOT; };
		8EA264F71850229100351F5E /* settings.expand.wav */ = {isa = PBXFileReference; lastKnownFileType = audio.wav; name = settings.expand.wav; path = "GL Sound FX/settings.expand.wav"; sourceTree = SOURCE_ROOT; };
		8EA264F81850229100351F5E /* start.algorithm.wav */ = {isa = PBXFileReference; lastKnownFileType = audio.wav; name = start.algorithm.wav; path = "GL Sound FX/start.algorithm.wav"; sourceTree = SOURCE_ROOT; };
		8EA264F91850229100351F5E /* stop.algorithm.wav */ = {isa = PBXFileReference; lastKnownFileType = audio.wav; name = stop.algorithm.wav; path = "GL Sound FX/stop.algorithm.wav"; sourceTree = SOURCE_ROOT; };
		8EA265001858033A00351F5E /* flash.wav */ = {isa = PBXFileReference; lastKnownFileType = audio.wav; name = flash.wav; path = "GL Sound FX/flash.wav"; sourceTree = SOURCE_ROOT; };
		8EA265021858033A00351F5E /* settings.collapse.2.wav */ = {isa = PBXFileReference; lastKnownFileType = audio.wav; name = settings.collapse.2.wav; path = "GL Sound FX/settings.collapse.2.wav"; sourceTree = SOURCE_ROOT; };
		8EA265031858033A00351F5E /* settings.expand.2.wav */ = {isa = PBXFileReference; lastKnownFileType = audio.wav; name = settings.expand.2.wav; path = "GL Sound FX/settings.expand.2.wav"; sourceTree = SOURCE_ROOT; };
		8EA265041858033A00351F5E /* stop.algorithm.2.wav */ = {isa = PBXFileReference; lastKnownFileType = audio.wav; name = stop.algorithm.2.wav; path = "GL Sound FX/stop.algorithm.2.wav"; sourceTree = SOURCE_ROOT; };
		8EA2650A1858045800351F5E /* start.algorithm.2.wav */ = {isa = PBXFileReference; lastKnownFileType = audio.wav; name = start.algorithm.2.wav; path = "GL Sound FX/start.algorithm.2.wav"; sourceTree = SOURCE_ROOT; };
		8EA2651B185966A600351F5E /* arrow-right.png */ = {isa = PBXFileReference; lastKnownFileType = image.png; name = "arrow-right.png"; path = "Images/arrow-right.png"; sourceTree = SOURCE_ROOT; };
		8EA2651C185966A600351F5E /* arrow-right@2x.png */ = {isa = PBXFileReference; lastKnownFileType = image.png; name = "arrow-right@2x.png"; path = "Images/arrow-right@2x.png"; sourceTree = SOURCE_ROOT; };
		8EA2651F18596A7D00351F5E /* cancel-circle.png */ = {isa = PBXFileReference; lastKnownFileType = image.png; name = "cancel-circle.png"; path = "Images/cancel-circle.png"; sourceTree = SOURCE_ROOT; };
		8EA2652018596A7D00351F5E /* cancel-circle@2x.png */ = {isa = PBXFileReference; lastKnownFileType = image.png; name = "cancel-circle@2x.png"; path = "Images/cancel-circle@2x.png"; sourceTree = SOURCE_ROOT; };
		8EA2652318596BBF00351F5E /* undo2.png */ = {isa = PBXFileReference; lastKnownFileType = image.png; name = undo2.png; path = Images/undo2.png; sourceTree = SOURCE_ROOT; };
		8EA2652418596BBF00351F5E /* undo2@2x.png */ = {isa = PBXFileReference; lastKnownFileType = image.png; name = "undo2@2x.png"; path = "Images/undo2@2x.png"; sourceTree = SOURCE_ROOT; };
		8EA2652718596C4E00351F5E /* play2.png */ = {isa = PBXFileReference; lastKnownFileType = image.png; name = play2.png; path = Images/play2.png; sourceTree = SOURCE_ROOT; };
		8EA2652818596C4E00351F5E /* play2@2x.png */ = {isa = PBXFileReference; lastKnownFileType = image.png; name = "play2@2x.png"; path = "Images/play2@2x.png"; sourceTree = SOURCE_ROOT; };
		8EA2652B18596F3E00351F5E /* cog.png */ = {isa = PBXFileReference; lastKnownFileType = image.png; name = cog.png; path = Images/cog.png; sourceTree = SOURCE_ROOT; };
		8EA2652C18596F3E00351F5E /* cog@2x.png */ = {isa = PBXFileReference; lastKnownFileType = image.png; name = "cog@2x.png"; path = "Images/cog@2x.png"; sourceTree = SOURCE_ROOT; };
		8EA2652D18596F3E00351F5E /* pause.png */ = {isa = PBXFileReference; lastKnownFileType = image.png; name = pause.png; path = Images/pause.png; sourceTree = SOURCE_ROOT; };
		8EA2652E18596F3E00351F5E /* pause@2x.png */ = {isa = PBXFileReference; lastKnownFileType = image.png; name = "pause@2x.png"; path = "Images/pause@2x.png"; sourceTree = SOURCE_ROOT; };
		8EA2653318596FC800351F5E /* camera2.png */ = {isa = PBXFileReference; lastKnownFileType = image.png; name = camera2.png; path = Images/camera2.png; sourceTree = SOURCE_ROOT; };
		8EA2653418596FC800351F5E /* camera2@2x.png */ = {isa = PBXFileReference; lastKnownFileType = image.png; name = "camera2@2x.png"; path = "Images/camera2@2x.png"; sourceTree = SOURCE_ROOT; };
		8EA265371859723500351F5E /* droplet.png */ = {isa = PBXFileReference; lastKnownFileType = image.png; name = droplet.png; path = Images/droplet.png; sourceTree = SOURCE_ROOT; };
		8EA265381859723500351F5E /* droplet@2x.png */ = {isa = PBXFileReference; lastKnownFileType = image.png; name = "droplet@2x.png"; path = "Images/droplet@2x.png"; sourceTree = SOURCE_ROOT; };
		8EA2653B1859841F00351F5E /* close.png */ = {isa = PBXFileReference; lastKnownFileType = image.png; name = close.png; path = Images/close.png; sourceTree = SOURCE_ROOT; };
		8EA2653C1859841F00351F5E /* close@2x.png */ = {isa = PBXFileReference; lastKnownFileType = image.png; name = "close@2x.png"; path = "Images/close@2x.png"; sourceTree = SOURCE_ROOT; };
		8EA26543185990EA00351F5E /* radio-unchecked@2x.png */ = {isa = PBXFileReference; lastKnownFileType = image.png; name = "radio-unchecked@2x.png"; path = "Images/radio-unchecked@2x.png"; sourceTree = SOURCE_ROOT; };
		8EA265451859927100351F5E /* toggle-ring-outer@2x.png */ = {isa = PBXFileReference; lastKnownFileType = image.png; name = "toggle-ring-outer@2x.png"; path = "Images/toggle-ring-outer@2x.png"; sourceTree = SOURCE_ROOT; };
		8EAA38AC185D787A00DA5CED /* GLTouchHandler.h */ = {isa = PBXFileReference; lastKnownFileType = sourcecode.c.h; path = GLTouchHandler.h; sourceTree = "<group>"; };
		8EAA38AD185D918F00DA5CED /* slider-end-left.png */ = {isa = PBXFileReference; lastKnownFileType = image.png; name = "slider-end-left.png"; path = "Images/slider-end-left.png"; sourceTree = SOURCE_ROOT; };
		8EAA38AF185D91EB00DA5CED /* slider-end-right.png */ = {isa = PBXFileReference; lastKnownFileType = image.png; name = "slider-end-right.png"; path = "Images/slider-end-right.png"; sourceTree = SOURCE_ROOT; };
		8EAA38B1185E6A6C00DA5CED /* GLSettingsItem.h */ = {isa = PBXFileReference; fileEncoding = 4; lastKnownFileType = sourcecode.c.h; path = GLSettingsItem.h; sourceTree = "<group>"; };
		8EAA38B2185E6A6C00DA5CED /* GLSettingsItem.m */ = {isa = PBXFileReference; fileEncoding = 4; lastKnownFileType = sourcecode.c.objc; path = GLSettingsItem.m; sourceTree = "<group>"; };
		8EAA38B4185EC32300DA5CED /* radio-unchecked-glow.png */ = {isa = PBXFileReference; lastKnownFileType = image.png; name = "radio-unchecked-glow.png"; path = "Images/radio-unchecked-glow.png"; sourceTree = SOURCE_ROOT; };
		8EAA38B618601D3A00DA5CED /* slider.off.wav */ = {isa = PBXFileReference; lastKnownFileType = audio.wav; name = slider.off.wav; path = "GL Sound FX/slider.off.wav"; sourceTree = SOURCE_ROOT; };
		8EAA38B718601D3A00DA5CED /* slider.on.wav */ = {isa = PBXFileReference; lastKnownFileType = audio.wav; name = slider.on.wav; path = "GL Sound FX/slider.on.wav"; sourceTree = SOURCE_ROOT; };
		8EAA59BC184B03C7008E34D9 /* down.finger.on.tile.wav */ = {isa = PBXFileReference; lastKnownFileType = audio.wav; name = down.finger.on.tile.wav; path = "GL Sound FX/down.finger.on.tile.wav"; sourceTree = SOURCE_ROOT; };
		8EAA59BE184B03C7008E34D9 /* up.finger.off.tile.wav */ = {isa = PBXFileReference; lastKnownFileType = audio.wav; name = up.finger.off.tile.wav; path = "GL Sound FX/up.finger.off.tile.wav"; sourceTree = SOURCE_ROOT; };
		8EAA59C4184B1E99008E34D9 /* GLSettingsLayer.h */ = {isa = PBXFileReference; fileEncoding = 4; lastKnownFileType = sourcecode.c.h; path = GLSettingsLayer.h; sourceTree = "<group>"; };
		8EAA59C5184B1E99008E34D9 /* GLSettingsLayer.m */ = {isa = PBXFileReference; fileEncoding = 4; lastKnownFileType = sourcecode.c.objc; path = GLSettingsLayer.m; sourceTree = "<group>"; };
		8EAA5A0F184B29EC008E34D9 /* button.press.wav */ = {isa = PBXFileReference; lastKnownFileType = audio.wav; name = button.press.wav; path = "GL Sound FX/button.press.wav"; sourceTree = SOURCE_ROOT; };
		8EAA5A11184C22BE008E34D9 /* tile.circle.png */ = {isa = PBXFileReference; lastKnownFileType = image.png; name = tile.circle.png; path = Images/tile.circle.png; sourceTree = SOURCE_ROOT; };
		8EAD55B71880B40100398596 /* NSString+Additions.h */ = {isa = PBXFileReference; fileEncoding = 4; lastKnownFileType = sourcecode.c.h; path = "NSString+Additions.h"; sourceTree = "<group>"; };
		8EAD55B81880B40100398596 /* NSString+Additions.m */ = {isa = PBXFileReference; fileEncoding = 4; lastKnownFileType = sourcecode.c.objc; path = "NSString+Additions.m"; sourceTree = "<group>"; };
		8EB738C918709E5300BB58C0 /* UIColor+CrossFade.h */ = {isa = PBXFileReference; fileEncoding = 4; lastKnownFileType = sourcecode.c.h; path = "UIColor+CrossFade.h"; sourceTree = "<group>"; };
		8EB738CA18709E5300BB58C0 /* UIColor+CrossFade.m */ = {isa = PBXFileReference; fileEncoding = 4; lastKnownFileType = sourcecode.c.objc; path = "UIColor+CrossFade.m"; sourceTree = "<group>"; };
		8EB738CC1874B56600BB58C0 /* GLColorPaletteManager.h */ = {isa = PBXFileReference; fileEncoding = 4; lastKnownFileType = sourcecode.c.h; path = GLColorPaletteManager.h; sourceTree = "<group>"; };
		8EB738CD1874B56600BB58C0 /* GLColorPaletteManager.m */ = {isa = PBXFileReference; fileEncoding = 4; lastKnownFileType = sourcecode.c.objc; path = GLColorPaletteManager.m; sourceTree = "<group>"; };
		8ECA8980182371AE009D906F /* LiFE.app */ = {isa = PBXFileReference; explicitFileType = wrapper.application; includeInIndex = 0; path = LiFE.app; sourceTree = BUILT_PRODUCTS_DIR; };
		8ECA8983182371AE009D906F /* Foundation.framework */ = {isa = PBXFileReference; lastKnownFileType = wrapper.framework; name = Foundation.framework; path = System/Library/Frameworks/Foundation.framework; sourceTree = SDKROOT; };
		8ECA8985182371AE009D906F /* CoreGraphics.framework */ = {isa = PBXFileReference; lastKnownFileType = wrapper.framework; name = CoreGraphics.framework; path = System/Library/Frameworks/CoreGraphics.framework; sourceTree = SDKROOT; };
		8ECA8987182371AE009D906F /* UIKit.framework */ = {isa = PBXFileReference; lastKnownFileType = wrapper.framework; name = UIKit.framework; path = System/Library/Frameworks/UIKit.framework; sourceTree = SDKROOT; };
		8ECA8989182371AE009D906F /* SpriteKit.framework */ = {isa = PBXFileReference; lastKnownFileType = wrapper.framework; name = SpriteKit.framework; path = System/Library/Frameworks/SpriteKit.framework; sourceTree = SDKROOT; };
		8ECA898D182371AE009D906F /* GameOfLife-Info.plist */ = {isa = PBXFileReference; lastKnownFileType = text.plist.xml; path = "GameOfLife-Info.plist"; sourceTree = "<group>"; };
		8ECA898F182371AE009D906F /* en */ = {isa = PBXFileReference; lastKnownFileType = text.plist.strings; name = en; path = en.lproj/InfoPlist.strings; sourceTree = "<group>"; };
		8ECA8991182371AE009D906F /* main.m */ = {isa = PBXFileReference; lastKnownFileType = sourcecode.c.objc; path = main.m; sourceTree = "<group>"; };
		8ECA8993182371AE009D906F /* GameOfLife-Prefix.pch */ = {isa = PBXFileReference; lastKnownFileType = sourcecode.c.h; path = "GameOfLife-Prefix.pch"; sourceTree = "<group>"; };
		8ECA8994182371AE009D906F /* GLAppDelegate.h */ = {isa = PBXFileReference; lastKnownFileType = sourcecode.c.h; path = GLAppDelegate.h; sourceTree = "<group>"; };
		8ECA8995182371AE009D906F /* GLAppDelegate.m */ = {isa = PBXFileReference; lastKnownFileType = sourcecode.c.objc; path = GLAppDelegate.m; sourceTree = "<group>"; };
		8ECA8998182371AE009D906F /* Base */ = {isa = PBXFileReference; lastKnownFileType = file.storyboard; name = Base; path = Base.lproj/Main.storyboard; sourceTree = "<group>"; };
		8ECA899A182371AE009D906F /* GLViewController.h */ = {isa = PBXFileReference; lastKnownFileType = sourcecode.c.h; path = GLViewController.h; sourceTree = "<group>"; };
		8ECA899B182371AE009D906F /* GLViewController.m */ = {isa = PBXFileReference; lastKnownFileType = sourcecode.c.objc; path = GLViewController.m; sourceTree = "<group>"; };
		8ECA89A2182371AE009D906F /* Images.xcassets */ = {isa = PBXFileReference; lastKnownFileType = folder.assetcatalog; path = Images.xcassets; sourceTree = "<group>"; };
		8ECA89A8182371AE009D906F /* GameOfLifeTests.xctest */ = {isa = PBXFileReference; explicitFileType = wrapper.cfbundle; includeInIndex = 0; path = GameOfLifeTests.xctest; sourceTree = BUILT_PRODUCTS_DIR; };
		8ECA89A9182371AE009D906F /* XCTest.framework */ = {isa = PBXFileReference; lastKnownFileType = wrapper.framework; name = XCTest.framework; path = Library/Frameworks/XCTest.framework; sourceTree = DEVELOPER_DIR; };
		8ECA89B1182371AE009D906F /* GameOfLifeTests-Info.plist */ = {isa = PBXFileReference; lastKnownFileType = text.plist.xml; path = "GameOfLifeTests-Info.plist"; sourceTree = "<group>"; };
		8ECA89B3182371AE009D906F /* en */ = {isa = PBXFileReference; lastKnownFileType = text.plist.strings; name = en; path = en.lproj/InfoPlist.strings; sourceTree = "<group>"; };
		8ECA89B5182371AE009D906F /* GameOfLifeTests.m */ = {isa = PBXFileReference; lastKnownFileType = sourcecode.c.objc; path = GameOfLifeTests.m; sourceTree = "<group>"; };
		8ED7BE641887A19F00CA1CDD /* color.grid.down.wav */ = {isa = PBXFileReference; lastKnownFileType = audio.wav; name = color.grid.down.wav; path = "GL Sound FX/color.grid.down.wav"; sourceTree = SOURCE_ROOT; };
		8ED7BE651887A19F00CA1CDD /* color.grid.single.wav */ = {isa = PBXFileReference; lastKnownFileType = audio.wav; name = color.grid.single.wav; path = "GL Sound FX/color.grid.single.wav"; sourceTree = SOURCE_ROOT; };
		8ED7BE661887A19F00CA1CDD /* color.grid.up.wav */ = {isa = PBXFileReference; lastKnownFileType = audio.wav; name = color.grid.up.wav; path = "GL Sound FX/color.grid.up.wav"; sourceTree = SOURCE_ROOT; };
		8EF02CB41877DFF800E15705 /* AssetsLibrary.framework */ = {isa = PBXFileReference; lastKnownFileType = wrapper.framework; name = AssetsLibrary.framework; path = System/Library/Frameworks/AssetsLibrary.framework; sourceTree = SDKROOT; };
		ED292D18185C90650031696D /* tile.frowny.png */ = {isa = PBXFileReference; lastKnownFileType = image.png; name = tile.frowny.png; path = Images/tile.frowny.png; sourceTree = SOURCE_ROOT; };
		ED292D19185C90650031696D /* tile.smiley.png */ = {isa = PBXFileReference; lastKnownFileType = image.png; name = tile.smiley.png; path = Images/tile.smiley.png; sourceTree = SOURCE_ROOT; };
		ED2CB964185C01BE00319DE5 /* tile.ring.png */ = {isa = PBXFileReference; lastKnownFileType = image.png; name = tile.ring.png; path = Images/tile.ring.png; sourceTree = SOURCE_ROOT; };
		ED2CB966185C090100319DE5 /* tile.cylinder.png */ = {isa = PBXFileReference; lastKnownFileType = image.png; name = tile.cylinder.png; path = Images/tile.cylinder.png; sourceTree = SOURCE_ROOT; };
		ED2CB96B185C105200319DE5 /* tile.spiral.png */ = {isa = PBXFileReference; lastKnownFileType = image.png; name = tile.spiral.png; path = Images/tile.spiral.png; sourceTree = SOURCE_ROOT; };
		ED2CB970185C157500319DE5 /* tile.ring3d.png */ = {isa = PBXFileReference; lastKnownFileType = image.png; name = tile.ring3d.png; path = Images/tile.ring3d.png; sourceTree = SOURCE_ROOT; };
		ED4C6207187B615E0001E7DC /* GLPickerControl.h */ = {isa = PBXFileReference; fileEncoding = 4; lastKnownFileType = sourcecode.c.h; path = GLPickerControl.h; sourceTree = "<group>"; };
		ED4C6208187B615E0001E7DC /* GLPickerControl.m */ = {isa = PBXFileReference; fileEncoding = 4; lastKnownFileType = sourcecode.c.objc; path = GLPickerControl.m; sourceTree = "<group>"; };
		ED566DE4187F9A3700B28BBE /* tile.square3d.png */ = {isa = PBXFileReference; lastKnownFileType = image.png; name = tile.square3d.png; path = Images/tile.square3d.png; sourceTree = SOURCE_ROOT; };
		ED566DE6187FA1A300B28BBE /* tile.buldge.png */ = {isa = PBXFileReference; lastKnownFileType = image.png; name = tile.buldge.png; path = Images/tile.buldge.png; sourceTree = SOURCE_ROOT; };
		ED581D9A186276880016F98D /* GLHUDSettingsManager.h */ = {isa = PBXFileReference; fileEncoding = 4; lastKnownFileType = sourcecode.c.h; path = GLHUDSettingsManager.h; sourceTree = "<group>"; };
		ED581D9B186276880016F98D /* GLHUDSettingsManager.m */ = {isa = PBXFileReference; fileEncoding = 4; lastKnownFileType = sourcecode.c.objc; path = GLHUDSettingsManager.m; sourceTree = "<group>"; };
		ED820540187E471300BF7CD6 /* GLColorDropButton.h */ = {isa = PBXFileReference; fileEncoding = 4; lastKnownFileType = sourcecode.c.h; path = GLColorDropButton.h; sourceTree = "<group>"; };
		ED820541187E471300BF7CD6 /* GLColorDropButton.m */ = {isa = PBXFileReference; fileEncoding = 4; lastKnownFileType = sourcecode.c.objc; path = GLColorDropButton.m; sourceTree = "<group>"; };
		ED8EA7AB1873BDAA0073132A /* tile.snowflake.png */ = {isa = PBXFileReference; lastKnownFileType = image.png; name = tile.snowflake.png; path = Images/tile.snowflake.png; sourceTree = SOURCE_ROOT; };
		ED8EA7AD1873C3470073132A /* tile.clear.png */ = {isa = PBXFileReference; lastKnownFileType = image.png; name = tile.clear.png; path = Images/tile.clear.png; sourceTree = SOURCE_ROOT; };
		ED9D62661882531000B243D3 /* GLLabelControl.h */ = {isa = PBXFileReference; fileEncoding = 4; lastKnownFileType = sourcecode.c.h; path = GLLabelControl.h; sourceTree = "<group>"; };
		ED9D62671882531000B243D3 /* GLLabelControl.m */ = {isa = PBXFileReference; fileEncoding = 4; lastKnownFileType = sourcecode.c.objc; path = GLLabelControl.m; sourceTree = "<group>"; };
		EDB8C3A5187BF4310047AE52 /* GLToggleControl.h */ = {isa = PBXFileReference; fileEncoding = 4; lastKnownFileType = sourcecode.c.h; path = GLToggleControl.h; sourceTree = "<group>"; };
		EDB8C3A6187BF4310047AE52 /* GLToggleControl.m */ = {isa = PBXFileReference; fileEncoding = 4; lastKnownFileType = sourcecode.c.objc; path = GLToggleControl.m; sourceTree = "<group>"; };
		EDC31A45188F77F2008E229D /* MobileCoreServices.framework */ = {isa = PBXFileReference; lastKnownFileType = wrapper.framework; name = MobileCoreServices.framework; path = System/Library/Frameworks/MobileCoreServices.framework; sourceTree = SDKROOT; };
		EDE4505A1833F3380063DE36 /* clear.png */ = {isa = PBXFileReference; lastKnownFileType = image.png; name = clear.png; path = Images/clear.png; sourceTree = SOURCE_ROOT; };
		EDE4505B1833F3380063DE36 /* clear@2x.png */ = {isa = PBXFileReference; lastKnownFileType = image.png; name = "clear@2x.png"; path = "Images/clear@2x.png"; sourceTree = SOURCE_ROOT; };
/* End PBXFileReference section */

/* Begin PBXFrameworksBuildPhase section */
		8ECA897D182371AE009D906F /* Frameworks */ = {
			isa = PBXFrameworksBuildPhase;
			buildActionMask = 2147483647;
			files = (
				EDC31A46188F77F2008E229D /* MobileCoreServices.framework in Frameworks */,
				8EF02CB51877DFF800E15705 /* AssetsLibrary.framework in Frameworks */,
				8ECA8986182371AE009D906F /* CoreGraphics.framework in Frameworks */,
				8ECA8988182371AE009D906F /* UIKit.framework in Frameworks */,
				8ECA898A182371AE009D906F /* SpriteKit.framework in Frameworks */,
				8ECA8984182371AE009D906F /* Foundation.framework in Frameworks */,
			);
			runOnlyForDeploymentPostprocessing = 0;
		};
		8ECA89A5182371AE009D906F /* Frameworks */ = {
			isa = PBXFrameworksBuildPhase;
			buildActionMask = 2147483647;
			files = (
				8ECA89AA182371AE009D906F /* XCTest.framework in Frameworks */,
				8ECA89AC182371AE009D906F /* UIKit.framework in Frameworks */,
				8ECA89AB182371AE009D906F /* Foundation.framework in Frameworks */,
			);
			runOnlyForDeploymentPostprocessing = 0;
		};
/* End PBXFrameworksBuildPhase section */

/* Begin PBXGroup section */
		8E99B2A6182E098800C7AEDB /* Images */ = {
			isa = PBXGroup;
			children = (
				8E3BAB0C1893555E00A56812 /* question.png */,
				8E3BAB0A1893507100A56812 /* stop2.png */,
				8E6764881886544800084589 /* lock.png */,
				8E6764891886544800084589 /* unlock.png */,
				8E5A5553187D005800483158 /* tile.leaf.png */,
				8EA2651B185966A600351F5E /* arrow-right.png */,
				8EA2651C185966A600351F5E /* arrow-right@2x.png */,
				8E75B04418466F7F000AEEB8 /* camera.png */,
				8EA2653318596FC800351F5E /* camera2.png */,
				8EA2653418596FC800351F5E /* camera2@2x.png */,
				8E75B04518466F7F000AEEB8 /* camera@2x.png */,
				8EA2651F18596A7D00351F5E /* cancel-circle.png */,
				8EA2652018596A7D00351F5E /* cancel-circle@2x.png */,
				EDE4505A1833F3380063DE36 /* clear.png */,
				EDE4505B1833F3380063DE36 /* clear@2x.png */,
				8EA2653B1859841F00351F5E /* close.png */,
				8EA2653C1859841F00351F5E /* close@2x.png */,
				8EA2652B18596F3E00351F5E /* cog.png */,
				8EA2652C18596F3E00351F5E /* cog@2x.png */,
				8E2FA2AF1869E4BA0021A471 /* color-swatch-fill.png */,
				8E2FA2AA1869DDD90021A471 /* color-swatch-ring-outer.png */,
				8E75B03A1841C909000AEEB8 /* drop.png */,
				8E75B03B1841C909000AEEB8 /* drop@2x.png */,
				8EA265371859723500351F5E /* droplet.png */,
				8EA265381859723500351F5E /* droplet@2x.png */,
				8E75B02B184164F7000AEEB8 /* expand_left.png */,
				8E75B02C184164F7000AEEB8 /* expand_left@2x.png */,
				8E2FA28D18667EA80021A471 /* eyedropper.png */,
				8E99B2A7182E0ABD00C7AEDB /* gear.png */,
				8E99B2A8182E0ABD00C7AEDB /* gear@2x.png */,
				8E2FA28F1866B3140021A471 /* palette.png */,
				8E2FA2951867B23B0021A471 /* palette_48.png */,
				8EA2652D18596F3E00351F5E /* pause.png */,
				8EA2652E18596F3E00351F5E /* pause@2x.png */,
				8EA2652718596C4E00351F5E /* play2.png */,
				8EA2652818596C4E00351F5E /* play2@2x.png */,
				8EAA38B4185EC32300DA5CED /* radio-unchecked-glow.png */,
				8EA26543185990EA00351F5E /* radio-unchecked@2x.png */,
				8E75B0481846CB23000AEEB8 /* restore.png */,
				8E75B0491846CB23000AEEB8 /* restore@2x.png */,
				8E75B03618419670000AEEB8 /* ring.png */,
				8E75B03718419670000AEEB8 /* ring@2x.png */,
				8EAA38AD185D918F00DA5CED /* slider-end-left.png */,
				8EAA38AF185D91EB00DA5CED /* slider-end-right.png */,
				8E254A87185C3F980068A3F9 /* slider-end@2x.png */,
				8E254A88185C3F980068A3F9 /* slider-middle@2x.png */,
				8E75B03218419630000AEEB8 /* splash.png */,
				8E2FA2911866B4640021A471 /* splash2.png */,
				8E2FA29318679CAE0021A471 /* splash2_48.png */,
				8E75B03318419630000AEEB8 /* splash@2x.png */,
				8E99B2BA182F7A1200C7AEDB /* start.png */,
				8E99B2BB182F7A1200C7AEDB /* start@2x.png */,
				ED566DE6187FA1A300B28BBE /* tile.buldge.png */,
				8EAA5A11184C22BE008E34D9 /* tile.circle.png */,
				ED8EA7AD1873C3470073132A /* tile.clear.png */,
				ED2CB966185C090100319DE5 /* tile.cylinder.png */,
				ED292D18185C90650031696D /* tile.frowny.png */,
				ED2CB964185C01BE00319DE5 /* tile.ring.png */,
				ED2CB970185C157500319DE5 /* tile.ring3d.png */,
				ED292D19185C90650031696D /* tile.smiley.png */,
				ED8EA7AB1873BDAA0073132A /* tile.snowflake.png */,
				ED2CB96B185C105200319DE5 /* tile.spiral.png */,
				8E2FA28B186672E90021A471 /* tile.square.png */,
				ED566DE4187F9A3700B28BBE /* tile.square3d.png */,
				8EA265451859927100351F5E /* toggle-ring-outer@2x.png */,
				8EA2652318596BBF00351F5E /* undo2.png */,
				8EA2652418596BBF00351F5E /* undo2@2x.png */,
			);
			name = Images;
			path = GameOfLife;
			sourceTree = "<group>";
		};
		8EAA59BB184B0218008E34D9 /* SoundFX */ = {
			isa = PBXGroup;
			children = (
				8E9EDE491890EB04005C66BB /* lock.wav */,
				8E9EDE4A1890EB04005C66BB /* unlock.wav */,
				8ED7BE641887A19F00CA1CDD /* color.grid.down.wav */,
				8ED7BE651887A19F00CA1CDD /* color.grid.single.wav */,
				8ED7BE661887A19F00CA1CDD /* color.grid.up.wav */,
				8E2FA29D1867C7B70021A471 /* clear.1.wav */,
				8E2FA29E1867C7B70021A471 /* reset.1.wav */,
				8E2FA29F1867C7B70021A471 /* toggle.1.wav */,
				8EAA38B618601D3A00DA5CED /* slider.off.wav */,
				8EAA38B718601D3A00DA5CED /* slider.on.wav */,
				8EA2650A1858045800351F5E /* start.algorithm.2.wav */,
				8EA265001858033A00351F5E /* flash.wav */,
				8EA265021858033A00351F5E /* settings.collapse.2.wav */,
				8EA265031858033A00351F5E /* settings.expand.2.wav */,
				8EA265041858033A00351F5E /* stop.algorithm.2.wav */,
				8EA264F41850229100351F5E /* menu.close.wav */,
				8EA264F51850229100351F5E /* menu.open.wav */,
				8EA264F61850229100351F5E /* settings.collapse.wav */,
				8EA264F71850229100351F5E /* settings.expand.wav */,
				8EA264F81850229100351F5E /* start.algorithm.wav */,
				8EA264F91850229100351F5E /* stop.algorithm.wav */,
				8EA264EE184EEB1B00351F5E /* color.change.wav */,
				8EAA5A0F184B29EC008E34D9 /* button.press.wav */,
				8EAA59BC184B03C7008E34D9 /* down.finger.on.tile.wav */,
				8EAA59BE184B03C7008E34D9 /* up.finger.off.tile.wav */,
			);
			name = SoundFX;
			path = GameOfLife;
			sourceTree = "<group>";
		};
		8ECA8977182371AE009D906F = {
			isa = PBXGroup;
			children = (
				8E9EDE47188F843B005C66BB /* Splash.sks */,
				8ECA898B182371AE009D906F /* GameOfLife */,
				8EAA59BB184B0218008E34D9 /* SoundFX */,
				8E99B2A6182E098800C7AEDB /* Images */,
				8ECA89AF182371AE009D906F /* GameOfLifeTests */,
				8ECA8982182371AE009D906F /* Frameworks */,
				8ECA8981182371AE009D906F /* Products */,
			);
			sourceTree = "<group>";
		};
		8ECA8981182371AE009D906F /* Products */ = {
			isa = PBXGroup;
			children = (
				8ECA8980182371AE009D906F /* LiFE.app */,
				8ECA89A8182371AE009D906F /* GameOfLifeTests.xctest */,
			);
			name = Products;
			sourceTree = "<group>";
		};
		8ECA8982182371AE009D906F /* Frameworks */ = {
			isa = PBXGroup;
			children = (
				EDC31A45188F77F2008E229D /* MobileCoreServices.framework */,
				8EF02CB41877DFF800E15705 /* AssetsLibrary.framework */,
				8ECA8983182371AE009D906F /* Foundation.framework */,
				8ECA8985182371AE009D906F /* CoreGraphics.framework */,
				8ECA8987182371AE009D906F /* UIKit.framework */,
				8ECA8989182371AE009D906F /* SpriteKit.framework */,
				8ECA89A9182371AE009D906F /* XCTest.framework */,
			);
			name = Frameworks;
			sourceTree = "<group>";
		};
		8ECA898B182371AE009D906F /* GameOfLife */ = {
			isa = PBXGroup;
			children = (
				8ECA8994182371AE009D906F /* GLAppDelegate.h */,
				8ECA8995182371AE009D906F /* GLAppDelegate.m */,
				8E2FA2AC1869E3ED0021A471 /* GLColorGrid.h */,
				8E2FA2AD1869E3ED0021A471 /* GLColorGrid.m */,
				8EB738CC1874B56600BB58C0 /* GLColorPaletteManager.h */,
				8EB738CD1874B56600BB58C0 /* GLColorPaletteManager.m */,
				8E2FA2A71869DC750021A471 /* GLColorSwatch.h */,
				8E2FA2A81869DC750021A471 /* GLColorSwatch.m */,
				8E75B04C18490C0A000AEEB8 /* GLGrid.h */,
				8E75B04D18490C0A000AEEB8 /* GLGrid.m */,
				8E99B29D182BFE7600C7AEDB /* GLGridScene.h */,
				8E99B29E182BFE7600C7AEDB /* GLGridScene.m */,
				8E99B2A0182C013D00C7AEDB /* GLTileNode.h */,
				8E99B2A1182C013D00C7AEDB /* GLTileNode.m */,
				8EAA38AC185D787A00DA5CED /* GLTouchHandler.h */,
				8ECA899A182371AE009D906F /* GLViewController.h */,
				8ECA899B182371AE009D906F /* GLViewController.m */,
				ED4C620A187B61C30001E7DC /* HUD */,
				8ECA89A2182371AE009D906F /* Images.xcassets */,
				8ECA8997182371AE009D906F /* Main.storyboard */,
				8EAD55B71880B40100398596 /* NSString+Additions.h */,
				8EAD55B81880B40100398596 /* NSString+Additions.m */,
				8E2FA2A418695C480021A471 /* spark.png */,
				8E2FA2A318695C480021A471 /* Spark.sks */,
				8ECA898C182371AE009D906F /* Supporting Files */,
				8E99B2A3182C14E300C7AEDB /* UIColor+Crayola.h */,
				8E99B2A4182C14E300C7AEDB /* UIColor+Crayola.m */,
				8EB738C918709E5300BB58C0 /* UIColor+CrossFade.h */,
				8EB738CA18709E5300BB58C0 /* UIColor+CrossFade.m */,
			);
			path = GameOfLife;
			sourceTree = "<group>";
		};
		8ECA898C182371AE009D906F /* Supporting Files */ = {
			isa = PBXGroup;
			children = (
				8ECA898D182371AE009D906F /* GameOfLife-Info.plist */,
				8ECA898E182371AE009D906F /* InfoPlist.strings */,
				8ECA8991182371AE009D906F /* main.m */,
				8ECA8993182371AE009D906F /* GameOfLife-Prefix.pch */,
			);
			name = "Supporting Files";
			sourceTree = "<group>";
		};
		8ECA89AF182371AE009D906F /* GameOfLifeTests */ = {
			isa = PBXGroup;
			children = (
				8ECA89B5182371AE009D906F /* GameOfLifeTests.m */,
				8ECA89B0182371AE009D906F /* Supporting Files */,
			);
			path = GameOfLifeTests;
			sourceTree = "<group>";
		};
		8ECA89B0182371AE009D906F /* Supporting Files */ = {
			isa = PBXGroup;
			children = (
				8ECA89B1182371AE009D906F /* GameOfLifeTests-Info.plist */,
				8ECA89B2182371AE009D906F /* InfoPlist.strings */,
			);
			name = "Supporting Files";
			sourceTree = "<group>";
		};
		ED4C620A187B61C30001E7DC /* HUD */ = {
			isa = PBXGroup;
			children = (
				ED4C620B187B62330001E7DC /* Controls */,
				8E9F2AF0187F667A001669BC /* GLAlertLayer.h */,
				8E9F2AF1187F667A001669BC /* GLAlertLayer.m */,
				8E75B02F184169BF000AEEB8 /* GLColorHud.h */,
				8E75B030184169BF000AEEB8 /* GLColorHud.m */,
				8E2FA2971867BB080021A471 /* GLColorSelectionLayer.h */,
				8E2FA2981867BB080021A471 /* GLColorSelectionLayer.m */,
				8E75B03E1842FFE3000AEEB8 /* GLGeneralHud.h */,
				8E75B03F1842FFE3000AEEB8 /* GLGeneralHud.m */,
				8E75B041184577E0000AEEB8 /* GLHud.h */,
				8E75B042184577E0000AEEB8 /* GLHud.m */,
				ED581D9A186276880016F98D /* GLHUDSettingsManager.h */,
				ED581D9B186276880016F98D /* GLHUDSettingsManager.m */,
				8E2FA29A1867BBED0021A471 /* GLMenuLayer.h */,
				8E2FA29B1867BBED0021A471 /* GLMenuLayer.m */,
				8EAA38B1185E6A6C00DA5CED /* GLSettingsItem.h */,
				8EAA38B2185E6A6C00DA5CED /* GLSettingsItem.m */,
				8EAA59C4184B1E99008E34D9 /* GLSettingsLayer.h */,
				8EAA59C5184B1E99008E34D9 /* GLSettingsLayer.m */,
				8E3BAB0E189386F500A56812 /* GLPageCollectionLayer.h */,
				8E3BAB0F189386F500A56812 /* GLPageCollectionLayer.m */,
				8E3BAB141893971F00A56812 /* GLPage.h */,
				8E3BAB151893971F00A56812 /* GLPage.m */,
			);
			name = HUD;
			sourceTree = "<group>";
		};
		ED4C620B187B62330001E7DC /* Controls */ = {
			isa = PBXGroup;
			children = (
				ED820540187E471300BF7CD6 /* GLColorDropButton.h */,
				ED820541187E471300BF7CD6 /* GLColorDropButton.m */,
				ED9D62661882531000B243D3 /* GLLabelControl.h */,
				ED9D62671882531000B243D3 /* GLLabelControl.m */,
				8E67648F188654F700084589 /* GLLockControl.h */,
				8E676490188654F700084589 /* GLLockControl.m */,
				ED4C6207187B615E0001E7DC /* GLPickerControl.h */,
				ED4C6208187B615E0001E7DC /* GLPickerControl.m */,
				8E254A84185BBD600068A3F9 /* GLSliderControl.h */,
				8E254A85185BBD600068A3F9 /* GLSliderControl.m */,
				EDB8C3A5187BF4310047AE52 /* GLToggleControl.h */,
				EDB8C3A6187BF4310047AE52 /* GLToggleControl.m */,
				8E2FA288186567B50021A471 /* GLUIActionButton.h */,
				8E2FA289186567B50021A471 /* GLUIActionButton.m */,
				8E254A81185BBB090068A3F9 /* GLUIButton.h */,
				8E254A82185BBB090068A3F9 /* GLUIButton.m */,
				8E3BAB11189389C300A56812 /* GLUITextButton.h */,
				8E3BAB12189389C300A56812 /* GLUITextButton.m */,
			);
			name = Controls;
			sourceTree = "<group>";
		};
/* End PBXGroup section */

/* Begin PBXNativeTarget section */
		8ECA897F182371AE009D906F /* LiFE */ = {
			isa = PBXNativeTarget;
			buildConfigurationList = 8ECA89B9182371AE009D906F /* Build configuration list for PBXNativeTarget "LiFE" */;
			buildPhases = (
				8ECA897C182371AE009D906F /* Sources */,
				8ECA897D182371AE009D906F /* Frameworks */,
				8ECA897E182371AE009D906F /* Resources */,
			);
			buildRules = (
			);
			dependencies = (
			);
			name = LiFE;
			productName = GameOfLife;
			productReference = 8ECA8980182371AE009D906F /* LiFE.app */;
			productType = "com.apple.product-type.application";
		};
		8ECA89A7182371AE009D906F /* GameOfLifeTests */ = {
			isa = PBXNativeTarget;
			buildConfigurationList = 8ECA89BC182371AE009D906F /* Build configuration list for PBXNativeTarget "GameOfLifeTests" */;
			buildPhases = (
				8ECA89A4182371AE009D906F /* Sources */,
				8ECA89A5182371AE009D906F /* Frameworks */,
				8ECA89A6182371AE009D906F /* Resources */,
			);
			buildRules = (
			);
			dependencies = (
				8ECA89AE182371AE009D906F /* PBXTargetDependency */,
			);
			name = GameOfLifeTests;
			productName = GameOfLifeTests;
			productReference = 8ECA89A8182371AE009D906F /* GameOfLifeTests.xctest */;
			productType = "com.apple.product-type.bundle.unit-test";
		};
/* End PBXNativeTarget section */

/* Begin PBXProject section */
		8ECA8978182371AE009D906F /* Project object */ = {
			isa = PBXProject;
			attributes = {
				CLASSPREFIX = GL;
				LastUpgradeCheck = 0500;
				ORGANIZATIONNAME = "Gregory Klein";
				TargetAttributes = {
					8ECA89A7182371AE009D906F = {
						TestTargetID = 8ECA897F182371AE009D906F;
					};
				};
			};
			buildConfigurationList = 8ECA897B182371AE009D906F /* Build configuration list for PBXProject "GameOfLife" */;
			compatibilityVersion = "Xcode 3.2";
			developmentRegion = English;
			hasScannedForEncodings = 0;
			knownRegions = (
				en,
				Base,
			);
			mainGroup = 8ECA8977182371AE009D906F;
			productRefGroup = 8ECA8981182371AE009D906F /* Products */;
			projectDirPath = "";
			projectRoot = "";
			targets = (
				8ECA897F182371AE009D906F /* LiFE */,
				8ECA89A7182371AE009D906F /* GameOfLifeTests */,
			);
		};
/* End PBXProject section */

/* Begin PBXResourcesBuildPhase section */
		8ECA897E182371AE009D906F /* Resources */ = {
			isa = PBXResourcesBuildPhase;
			buildActionMask = 2147483647;
			files = (
				8EA265081858033A00351F5E /* settings.expand.2.wav in Resources */,
				8EA2652118596A7D00351F5E /* cancel-circle.png in Resources */,
				8EA2653118596F3E00351F5E /* pause.png in Resources */,
				8EA264FE1850229100351F5E /* start.algorithm.wav in Resources */,
				8EA2652F18596F3E00351F5E /* cog.png in Resources */,
				8ECA8990182371AE009D906F /* InfoPlist.strings in Resources */,
				ED2CB967185C090100319DE5 /* tile.cylinder.png in Resources */,
				8EA265091858033A00351F5E /* stop.algorithm.2.wav in Resources */,
				8ECA89A3182371AE009D906F /* Images.xcassets in Resources */,
				ED2CB965185C01BE00319DE5 /* tile.ring.png in Resources */,
				8EA2652918596C4E00351F5E /* play2.png in Resources */,
				8EA2653E1859841F00351F5E /* close@2x.png in Resources */,
				EDE4505C1833F3380063DE36 /* clear.png in Resources */,
				8E99B2A9182E0ABD00C7AEDB /* gear.png in Resources */,
				8ED7BE671887A19F00CA1CDD /* color.grid.down.wav in Resources */,
				8E2FA28E18667EA80021A471 /* eyedropper.png in Resources */,
				8EA2651D185966A600351F5E /* arrow-right.png in Resources */,
				8E75B04B1846CB23000AEEB8 /* restore@2x.png in Resources */,
				8EA2652618596BBF00351F5E /* undo2@2x.png in Resources */,
				8EA264FA1850229100351F5E /* menu.close.wav in Resources */,
				8EA2650B1858045800351F5E /* start.algorithm.2.wav in Resources */,
				8E99B2BF182F7A1200C7AEDB /* start@2x.png in Resources */,
				8EA2653D1859841F00351F5E /* close.png in Resources */,
				8EA26544185990EA00351F5E /* radio-unchecked@2x.png in Resources */,
				8E2FA28C186672E90021A471 /* tile.square.png in Resources */,
				8E2FA2901866B3140021A471 /* palette.png in Resources */,
				8E75B03518419630000AEEB8 /* splash@2x.png in Resources */,
				8E67648A1886544800084589 /* lock.png in Resources */,
				8EA264FD1850229100351F5E /* settings.expand.wav in Resources */,
				8EAA59C1184B03C7008E34D9 /* up.finger.off.tile.wav in Resources */,
				8E75B03C1841C909000AEEB8 /* drop.png in Resources */,
				8E254A8A185C3F980068A3F9 /* slider-middle@2x.png in Resources */,
				8E2FA2B01869E4BA0021A471 /* color-swatch-fill.png in Resources */,
				8E75B03918419670000AEEB8 /* ring@2x.png in Resources */,
				8EA2651E185966A600351F5E /* arrow-right@2x.png in Resources */,
				8EA265071858033A00351F5E /* settings.collapse.2.wav in Resources */,
				8E2FA2A518695C480021A471 /* Spark.sks in Resources */,
				8EA2653A1859723500351F5E /* droplet@2x.png in Resources */,
				ED2CB96D185C105200319DE5 /* tile.spiral.png in Resources */,
				8E75B04A1846CB23000AEEB8 /* restore.png in Resources */,
				8EAA38AE185D918F00DA5CED /* slider-end-left.png in Resources */,
				8E67648B1886544800084589 /* unlock.png in Resources */,
				8E254A89185C3F980068A3F9 /* slider-end@2x.png in Resources */,
				8E99B2AA182E0ABD00C7AEDB /* gear@2x.png in Resources */,
				ED566DE7187FA1A300B28BBE /* tile.buldge.png in Resources */,
				8EAA38B818601D3A00DA5CED /* slider.off.wav in Resources */,
				8E2FA2961867B23B0021A471 /* palette_48.png in Resources */,
				8E2FA2A21867C7B70021A471 /* toggle.1.wav in Resources */,
				ED2CB971185C157500319DE5 /* tile.ring3d.png in Resources */,
				8E75B03818419670000AEEB8 /* ring.png in Resources */,
				8E2FA2A01867C7B70021A471 /* clear.1.wav in Resources */,
				8E3BAB0D1893555E00A56812 /* question.png in Resources */,
				8E9EDE48188F843B005C66BB /* Splash.sks in Resources */,
				8EAA5A10184B29EC008E34D9 /* button.press.wav in Resources */,
				8EA264FC1850229100351F5E /* settings.collapse.wav in Resources */,
				8ECA8999182371AE009D906F /* Main.storyboard in Resources */,
				8E2FA2921866B4640021A471 /* splash2.png in Resources */,
				8EAA38B5185EC32300DA5CED /* radio-unchecked-glow.png in Resources */,
				8E9EDE4C1890EB04005C66BB /* unlock.wav in Resources */,
				8EA264FF1850229100351F5E /* stop.algorithm.wav in Resources */,
				8E99B2BE182F7A1200C7AEDB /* start.png in Resources */,
				8EA2652218596A7D00351F5E /* cancel-circle@2x.png in Resources */,
				8EA2653618596FC800351F5E /* camera2@2x.png in Resources */,
				8E75B03D1841C909000AEEB8 /* drop@2x.png in Resources */,
				ED292D1A185C90650031696D /* tile.frowny.png in Resources */,
				8EA2653018596F3E00351F5E /* cog@2x.png in Resources */,
				8E3BAB0B1893507100A56812 /* stop2.png in Resources */,
				8E9EDE4B1890EB04005C66BB /* lock.wav in Resources */,
				8E75B02D184164F7000AEEB8 /* expand_left.png in Resources */,
				8EAA59BF184B03C7008E34D9 /* down.finger.on.tile.wav in Resources */,
				EDE4505D1833F3380063DE36 /* clear@2x.png in Resources */,
				ED292D1B185C90650031696D /* tile.smiley.png in Resources */,
				ED8EA7AC1873BDAA0073132A /* tile.snowflake.png in Resources */,
				8ED7BE681887A19F00CA1CDD /* color.grid.single.wav in Resources */,
				8E75B04718466F7F000AEEB8 /* camera@2x.png in Resources */,
				ED8EA7AE1873C3470073132A /* tile.clear.png in Resources */,
				8E2FA2AB1869DDD90021A471 /* color-swatch-ring-outer.png in Resources */,
				8ED7BE691887A19F00CA1CDD /* color.grid.up.wav in Resources */,
				8EA265391859723500351F5E /* droplet.png in Resources */,
				8EAA38B0185D91EB00DA5CED /* slider-end-right.png in Resources */,
				8EA265051858033A00351F5E /* flash.wav in Resources */,
				8E75B03418419630000AEEB8 /* splash.png in Resources */,
				8EAA5A12184C22BE008E34D9 /* tile.circle.png in Resources */,
				8E2FA2A11867C7B70021A471 /* reset.1.wav in Resources */,
				8E75B04618466F7F000AEEB8 /* camera.png in Resources */,
				8E2FA2A618695C480021A471 /* spark.png in Resources */,
				8EA2653518596FC800351F5E /* camera2.png in Resources */,
				8EAA38B918601D3A00DA5CED /* slider.on.wav in Resources */,
				ED566DE5187F9A3700B28BBE /* tile.square3d.png in Resources */,
				8EA2652518596BBF00351F5E /* undo2.png in Resources */,
				8E75B02E184164F7000AEEB8 /* expand_left@2x.png in Resources */,
				8EA2652A18596C4E00351F5E /* play2@2x.png in Resources */,
				8E2FA29418679CAE0021A471 /* splash2_48.png in Resources */,
				8EA265461859927100351F5E /* toggle-ring-outer@2x.png in Resources */,
				8EA264FB1850229100351F5E /* menu.open.wav in Resources */,
				8EA2653218596F3E00351F5E /* pause@2x.png in Resources */,
				8EA264F1184EEB1B00351F5E /* color.change.wav in Resources */,
				8E5A5554187D005800483158 /* tile.leaf.png in Resources */,
			);
			runOnlyForDeploymentPostprocessing = 0;
		};
		8ECA89A6182371AE009D906F /* Resources */ = {
			isa = PBXResourcesBuildPhase;
			buildActionMask = 2147483647;
			files = (
				8ECA89B4182371AE009D906F /* InfoPlist.strings in Resources */,
			);
			runOnlyForDeploymentPostprocessing = 0;
		};
/* End PBXResourcesBuildPhase section */

/* Begin PBXSourcesBuildPhase section */
		8ECA897C182371AE009D906F /* Sources */ = {
			isa = PBXSourcesBuildPhase;
			buildActionMask = 2147483647;
			files = (
				8E2FA2A91869DC750021A471 /* GLColorSwatch.m in Sources */,
				ED581D9C186276880016F98D /* GLHUDSettingsManager.m in Sources */,
				8E99B2A5182C14E300C7AEDB /* UIColor+Crayola.m in Sources */,
				8E254A83185BBB090068A3F9 /* GLUIButton.m in Sources */,
				8E99B29F182BFE7600C7AEDB /* GLGridScene.m in Sources */,
				ED9D62681882531000B243D3 /* GLLabelControl.m in Sources */,
				8ECA8992182371AE009D906F /* main.m in Sources */,
				EDB8C3A7187BF4310047AE52 /* GLToggleControl.m in Sources */,
				8E254A86185BBD600068A3F9 /* GLSliderControl.m in Sources */,
				8E75B0401842FFE3000AEEB8 /* GLGeneralHud.m in Sources */,
				8EAA59C6184B1E99008E34D9 /* GLSettingsLayer.m in Sources */,
				8EB738CB18709E5300BB58C0 /* UIColor+CrossFade.m in Sources */,
				8E2FA2AE1869E3ED0021A471 /* GLColorGrid.m in Sources */,
				ED820542187E471300BF7CD6 /* GLColorDropButton.m in Sources */,
				8E2FA29C1867BBED0021A471 /* GLMenuLayer.m in Sources */,
				8E2FA2991867BB080021A471 /* GLColorSelectionLayer.m in Sources */,
				8EB738CE1874B56600BB58C0 /* GLColorPaletteManager.m in Sources */,
				8E676491188654F700084589 /* GLLockControl.m in Sources */,
				8E75B031184169BF000AEEB8 /* GLColorHud.m in Sources */,
				8E3BAB161893971F00A56812 /* GLPage.m in Sources */,
				8E3BAB13189389C300A56812 /* GLUITextButton.m in Sources */,
				8E2FA28A186567B50021A471 /* GLUIActionButton.m in Sources */,
				8E99B2A2182C013D00C7AEDB /* GLTileNode.m in Sources */,
				8E3BAB10189386F500A56812 /* GLPageCollectionLayer.m in Sources */,
				8E9F2AF2187F667A001669BC /* GLAlertLayer.m in Sources */,
				8EAD55B91880B40100398596 /* NSString+Additions.m in Sources */,
				8EAA38B3185E6A6C00DA5CED /* GLSettingsItem.m in Sources */,
				8E75B04E18490C0A000AEEB8 /* GLGrid.m in Sources */,
				ED4C6209187B615E0001E7DC /* GLPickerControl.m in Sources */,
				8E75B043184577E0000AEEB8 /* GLHud.m in Sources */,
				8ECA899C182371AE009D906F /* GLViewController.m in Sources */,
				8ECA8996182371AE009D906F /* GLAppDelegate.m in Sources */,
			);
			runOnlyForDeploymentPostprocessing = 0;
		};
		8ECA89A4182371AE009D906F /* Sources */ = {
			isa = PBXSourcesBuildPhase;
			buildActionMask = 2147483647;
			files = (
				8ECA89B6182371AE009D906F /* GameOfLifeTests.m in Sources */,
			);
			runOnlyForDeploymentPostprocessing = 0;
		};
/* End PBXSourcesBuildPhase section */

/* Begin PBXTargetDependency section */
		8ECA89AE182371AE009D906F /* PBXTargetDependency */ = {
			isa = PBXTargetDependency;
			target = 8ECA897F182371AE009D906F /* LiFE */;
			targetProxy = 8ECA89AD182371AE009D906F /* PBXContainerItemProxy */;
		};
/* End PBXTargetDependency section */

/* Begin PBXVariantGroup section */
		8ECA898E182371AE009D906F /* InfoPlist.strings */ = {
			isa = PBXVariantGroup;
			children = (
				8ECA898F182371AE009D906F /* en */,
			);
			name = InfoPlist.strings;
			sourceTree = "<group>";
		};
		8ECA8997182371AE009D906F /* Main.storyboard */ = {
			isa = PBXVariantGroup;
			children = (
				8ECA8998182371AE009D906F /* Base */,
			);
			name = Main.storyboard;
			sourceTree = "<group>";
		};
		8ECA89B2182371AE009D906F /* InfoPlist.strings */ = {
			isa = PBXVariantGroup;
			children = (
				8ECA89B3182371AE009D906F /* en */,
			);
			name = InfoPlist.strings;
			sourceTree = "<group>";
		};
/* End PBXVariantGroup section */

/* Begin XCBuildConfiguration section */
		8ECA89B7182371AE009D906F /* Debug */ = {
			isa = XCBuildConfiguration;
			buildSettings = {
				ALWAYS_SEARCH_USER_PATHS = NO;
				ARCHS = "$(ARCHS_STANDARD_INCLUDING_64_BIT)";
				CLANG_CXX_LANGUAGE_STANDARD = "gnu++0x";
				CLANG_CXX_LIBRARY = "libc++";
				CLANG_ENABLE_MODULES = YES;
				CLANG_ENABLE_OBJC_ARC = YES;
				CLANG_WARN_BOOL_CONVERSION = YES;
				CLANG_WARN_CONSTANT_CONVERSION = YES;
				CLANG_WARN_DIRECT_OBJC_ISA_USAGE = YES_ERROR;
				CLANG_WARN_EMPTY_BODY = YES;
				CLANG_WARN_ENUM_CONVERSION = YES;
				CLANG_WARN_INT_CONVERSION = YES;
				CLANG_WARN_OBJC_ROOT_CLASS = YES_ERROR;
				CLANG_WARN__DUPLICATE_METHOD_MATCH = YES;
				"CODE_SIGN_IDENTITY[sdk=iphoneos*]" = "iPhone Developer";
				COPY_PHASE_STRIP = NO;
				GCC_C_LANGUAGE_STANDARD = gnu99;
				GCC_DYNAMIC_NO_PIC = NO;
				GCC_OPTIMIZATION_LEVEL = 0;
				GCC_PREPROCESSOR_DEFINITIONS = (
					"DEBUG=1",
					"$(inherited)",
				);
				GCC_SYMBOLS_PRIVATE_EXTERN = NO;
				GCC_WARN_64_TO_32_BIT_CONVERSION = YES;
				GCC_WARN_ABOUT_RETURN_TYPE = YES_ERROR;
				GCC_WARN_UNDECLARED_SELECTOR = YES;
				GCC_WARN_UNINITIALIZED_AUTOS = YES;
				GCC_WARN_UNUSED_FUNCTION = YES;
				GCC_WARN_UNUSED_VARIABLE = YES;
				IPHONEOS_DEPLOYMENT_TARGET = 7.0;
				ONLY_ACTIVE_ARCH = YES;
				SDKROOT = iphoneos;
			};
			name = Debug;
		};
		8ECA89B8182371AE009D906F /* Release */ = {
			isa = XCBuildConfiguration;
			buildSettings = {
				ALWAYS_SEARCH_USER_PATHS = NO;
				ARCHS = "$(ARCHS_STANDARD_INCLUDING_64_BIT)";
				CLANG_CXX_LANGUAGE_STANDARD = "gnu++0x";
				CLANG_CXX_LIBRARY = "libc++";
				CLANG_ENABLE_MODULES = YES;
				CLANG_ENABLE_OBJC_ARC = YES;
				CLANG_WARN_BOOL_CONVERSION = YES;
				CLANG_WARN_CONSTANT_CONVERSION = YES;
				CLANG_WARN_DIRECT_OBJC_ISA_USAGE = YES_ERROR;
				CLANG_WARN_EMPTY_BODY = YES;
				CLANG_WARN_ENUM_CONVERSION = YES;
				CLANG_WARN_INT_CONVERSION = YES;
				CLANG_WARN_OBJC_ROOT_CLASS = YES_ERROR;
				CLANG_WARN__DUPLICATE_METHOD_MATCH = YES;
				"CODE_SIGN_IDENTITY[sdk=iphoneos*]" = "iPhone Developer";
				COPY_PHASE_STRIP = YES;
				ENABLE_NS_ASSERTIONS = NO;
				GCC_C_LANGUAGE_STANDARD = gnu99;
				GCC_WARN_64_TO_32_BIT_CONVERSION = YES;
				GCC_WARN_ABOUT_RETURN_TYPE = YES_ERROR;
				GCC_WARN_UNDECLARED_SELECTOR = YES;
				GCC_WARN_UNINITIALIZED_AUTOS = YES;
				GCC_WARN_UNUSED_FUNCTION = YES;
				GCC_WARN_UNUSED_VARIABLE = YES;
				IPHONEOS_DEPLOYMENT_TARGET = 7.0;
				SDKROOT = iphoneos;
				VALIDATE_PRODUCT = YES;
			};
			name = Release;
		};
		8ECA89BA182371AE009D906F /* Debug */ = {
			isa = XCBuildConfiguration;
			buildSettings = {
				ASSETCATALOG_COMPILER_APPICON_NAME = AppIcon;
				ASSETCATALOG_COMPILER_LAUNCHIMAGE_NAME = LaunchImage;
				GCC_PRECOMPILE_PREFIX_HEADER = YES;
				GCC_PREFIX_HEADER = "GameOfLife/GameOfLife-Prefix.pch";
				INFOPLIST_FILE = "GameOfLife/GameOfLife-Info.plist";
				IPHONEOS_DEPLOYMENT_TARGET = 7.0;
				PRODUCT_NAME = "$(TARGET_NAME)";
				SPRITEKIT_TEXTURE_ATLAS_OUTPUT = YES;
				WRAPPER_EXTENSION = app;
			};
			name = Debug;
		};
		8ECA89BB182371AE009D906F /* Release */ = {
			isa = XCBuildConfiguration;
			buildSettings = {
				ASSETCATALOG_COMPILER_APPICON_NAME = AppIcon;
				ASSETCATALOG_COMPILER_LAUNCHIMAGE_NAME = LaunchImage;
				GCC_PRECOMPILE_PREFIX_HEADER = YES;
				GCC_PREFIX_HEADER = "GameOfLife/GameOfLife-Prefix.pch";
				INFOPLIST_FILE = "GameOfLife/GameOfLife-Info.plist";
				IPHONEOS_DEPLOYMENT_TARGET = 7.0;
				PRODUCT_NAME = "$(TARGET_NAME)";
				SPRITEKIT_TEXTURE_ATLAS_OUTPUT = YES;
				WRAPPER_EXTENSION = app;
			};
			name = Release;
		};
		8ECA89BD182371AE009D906F /* Debug */ = {
			isa = XCBuildConfiguration;
			buildSettings = {
				ARCHS = "$(ARCHS_STANDARD_INCLUDING_64_BIT)";
				BUNDLE_LOADER = "$(BUILT_PRODUCTS_DIR)/GameOfLife.app/GameOfLife";
				FRAMEWORK_SEARCH_PATHS = (
					"$(SDKROOT)/Developer/Library/Frameworks",
					"$(inherited)",
					"$(DEVELOPER_FRAMEWORKS_DIR)",
				);
				GCC_PRECOMPILE_PREFIX_HEADER = YES;
				GCC_PREFIX_HEADER = "GameOfLife/GameOfLife-Prefix.pch";
				GCC_PREPROCESSOR_DEFINITIONS = (
					"DEBUG=1",
					"$(inherited)",
				);
				INFOPLIST_FILE = "GameOfLifeTests/GameOfLifeTests-Info.plist";
				PRODUCT_NAME = "$(TARGET_NAME)";
				TEST_HOST = "$(BUNDLE_LOADER)";
				WRAPPER_EXTENSION = xctest;
			};
			name = Debug;
		};
		8ECA89BE182371AE009D906F /* Release */ = {
			isa = XCBuildConfiguration;
			buildSettings = {
				ARCHS = "$(ARCHS_STANDARD_INCLUDING_64_BIT)";
				BUNDLE_LOADER = "$(BUILT_PRODUCTS_DIR)/GameOfLife.app/GameOfLife";
				FRAMEWORK_SEARCH_PATHS = (
					"$(SDKROOT)/Developer/Library/Frameworks",
					"$(inherited)",
					"$(DEVELOPER_FRAMEWORKS_DIR)",
				);
				GCC_PRECOMPILE_PREFIX_HEADER = YES;
				GCC_PREFIX_HEADER = "GameOfLife/GameOfLife-Prefix.pch";
				INFOPLIST_FILE = "GameOfLifeTests/GameOfLifeTests-Info.plist";
				PRODUCT_NAME = "$(TARGET_NAME)";
				TEST_HOST = "$(BUNDLE_LOADER)";
				WRAPPER_EXTENSION = xctest;
			};
			name = Release;
		};
/* End XCBuildConfiguration section */

/* Begin XCConfigurationList section */
		8ECA897B182371AE009D906F /* Build configuration list for PBXProject "GameOfLife" */ = {
			isa = XCConfigurationList;
			buildConfigurations = (
				8ECA89B7182371AE009D906F /* Debug */,
				8ECA89B8182371AE009D906F /* Release */,
			);
			defaultConfigurationIsVisible = 0;
			defaultConfigurationName = Release;
		};
		8ECA89B9182371AE009D906F /* Build configuration list for PBXNativeTarget "LiFE" */ = {
			isa = XCConfigurationList;
			buildConfigurations = (
				8ECA89BA182371AE009D906F /* Debug */,
				8ECA89BB182371AE009D906F /* Release */,
			);
			defaultConfigurationIsVisible = 0;
			defaultConfigurationName = Release;
		};
		8ECA89BC182371AE009D906F /* Build configuration list for PBXNativeTarget "GameOfLifeTests" */ = {
			isa = XCConfigurationList;
			buildConfigurations = (
				8ECA89BD182371AE009D906F /* Debug */,
				8ECA89BE182371AE009D906F /* Release */,
			);
			defaultConfigurationIsVisible = 0;
			defaultConfigurationName = Release;
		};
/* End XCConfigurationList section */
	};
	rootObject = 8ECA8978182371AE009D906F /* Project object */;
}
